PODS:
  - BigInt (5.2.0)
  - Kingfisher (7.12.0)
  - SwiftProtobuf (1.28.0)
  - TrustWalletCore (4.1.5):
    - TrustWalletCore/Core (= 4.1.5)
  - TrustWalletCore/Core (4.1.5):
    - TrustWalletCore/Types
  - TrustWalletCore/Types (4.1.5):
    - SwiftProtobuf

DEPENDENCIES:
  - BigInt
  - Kingfisher
  - TrustWalletCore

SPEC REPOS:
  trunk:
    - BigInt
    - Kingfisher
    - SwiftProtobuf
    - TrustWalletCore

SPEC CHECKSUMS:
  BigInt: f668a80089607f521586bbe29513d708491ef2f7
  Kingfisher: 53a10ea35051a436b5fb626ca2dd8f3144d755e9
  SwiftProtobuf: 7348f9ac9aecce0f1055af1ca8d1a8cecce90f75
  TrustWalletCore: 23f08e2a8810b450f4a7673a3d137ebfb9243120

PODFILE CHECKSUM: 72f7eb26206c881e6d2dfc7cb8e849024520dc10

COCOAPODS: 1.15.2
