// !$*UTF8*$!
{
	archiveVersion = 1;
	classes = {
	};
	objectVersion = 46;
	objects = {

/* Begin PBXBuildFile section */
		2E2DEBC51B1AB0E300BFA90D /* SimpleRowView.swift in Sources */ = {isa = PBXBuildFile; fileRef = 2E2DEBC41B1AB0E300BFA90D /* SimpleRowView.swift */; };
		2E2DEBD81B1B318300BFA90D /* Extensions.swift in Sources */ = {isa = PBXBuildFile; fileRef = 2E2DEBD71B1B318300BFA90D /* Extensions.swift */; };
		2EC45ADE1FC51E6A00A8CF77 /* SnapKit.framework in Frameworks */ = {isa = PBXBuildFile; fileRef = 2EC45ADB1FC51E3B00A8CF77 /* SnapKit.framework */; };
		2EDBEAF91B017A5A00998346 /* AppDelegate.swift in Sources */ = {isa = PBXBuildFile; fileRef = 2EDBEAF81B017A5A00998346 /* AppDelegate.swift */; };
		2EDBEAFB1B017A5A00998346 /* SimpleKeyValueViewController.swift in Sources */ = {isa = PBXBuildFile; fileRef = 2EDBEAFA1B017A5A00998346 /* SimpleKeyValueViewController.swift */; };
		2EDBEB001B017A5A00998346 /* Images.xcassets in Resources */ = {isa = PBXBuildFile; fileRef = 2EDBEAFF1B017A5A00998346 /* Images.xcassets */; };
		2EDBEB031B017A5A00998346 /* LaunchScreen.xib in Resources */ = {isa = PBXBuildFile; fileRef = 2EDBEB011B017A5A00998346 /* LaunchScreen.xib */; };
		2EDBEB0F1B017A5B00998346 /* SwiftStoreExampleTests.swift in Sources */ = {isa = PBXBuildFile; fileRef = 2EDBEB0E1B017A5B00998346 /* SwiftStoreExampleTests.swift */; };
		2EDBEB391B017C4C00998346 /* SwiftStore.framework in Frameworks */ = {isa = PBXBuildFile; fileRef = 2EDBEB2F1B017B4D00998346 /* SwiftStore.framework */; };
		2EDBEB3B1B017C9700998346 /* DB.swift in Sources */ = {isa = PBXBuildFile; fileRef = 2EDBEB3A1B017C9700998346 /* DB.swift */; };
		2EE9CC8A1B1F00E600D1FDF6 /* SimpleCollectionViewController.swift in Sources */ = {isa = PBXBuildFile; fileRef = 2EE9CC891B1F00E600D1FDF6 /* SimpleCollectionViewController.swift */; };
		2EF961A51B1B3CDC003B5ACF /* ExampleViewController.swift in Sources */ = {isa = PBXBuildFile; fileRef = 2EF961A41B1B3CDC003B5ACF /* ExampleViewController.swift */; };
/* End PBXBuildFile section */

/* Begin PBXContainerItemProxy section */
		2EC45ADA1FC51E3B00A8CF77 /* PBXContainerItemProxy */ = {
			isa = PBXContainerItemProxy;
			containerPortal = 2EC45AD51FC51E3B00A8CF77 /* SnapKit.xcodeproj */;
			proxyType = 2;
			remoteGlobalIDString = EEBCC9D819CC627D0083B827;
			remoteInfo = SnapKit;
		};
		2EC45ADC1FC51E3B00A8CF77 /* PBXContainerItemProxy */ = {
			isa = PBXContainerItemProxy;
			containerPortal = 2EC45AD51FC51E3B00A8CF77 /* SnapKit.xcodeproj */;
			proxyType = 2;
			remoteGlobalIDString = EEBCC9E219CC627E0083B827;
			remoteInfo = "SnapKit Tests";
		};
		2EDBEB091B017A5A00998346 /* PBXContainerItemProxy */ = {
			isa = PBXContainerItemProxy;
			containerPortal = 2EDBEAEB1B017A5A00998346 /* Project object */;
			proxyType = 1;
			remoteGlobalIDString = 2EDBEAF21B017A5A00998346;
			remoteInfo = SwiftStoreExample;
		};
		2EDBEB2E1B017B4D00998346 /* PBXContainerItemProxy */ = {
			isa = PBXContainerItemProxy;
			containerPortal = 2EDBEB281B017B4C00998346 /* SwiftStore.xcodeproj */;
			proxyType = 2;
			remoteGlobalIDString = 2EAADF261AF6F94600783BAD;
			remoteInfo = SwiftStore;
		};
		2EDBEB301B017B4D00998346 /* PBXContainerItemProxy */ = {
			isa = PBXContainerItemProxy;
			containerPortal = 2EDBEB281B017B4C00998346 /* SwiftStore.xcodeproj */;
			proxyType = 2;
			remoteGlobalIDString = 2EAADF311AF6F94600783BAD;
			remoteInfo = SwiftStoreTests;
		};
/* End PBXContainerItemProxy section */

/* Begin PBXCopyFilesBuildPhase section */
		2E1E380C1D966B8B0014A2E5 /* Embed Frameworks */ = {
			isa = PBXCopyFilesBuildPhase;
			buildActionMask = 2147483647;
			dstPath = "";
			dstSubfolderSpec = 10;
			files = (
			);
			name = "Embed Frameworks";
			runOnlyForDeploymentPostprocessing = 0;
		};
/* End PBXCopyFilesBuildPhase section */

/* Begin PBXFileReference section */
		2E2DEBC41B1AB0E300BFA90D /* SimpleRowView.swift */ = {isa = PBXFileReference; fileEncoding = 4; lastKnownFileType = sourcecode.swift; path = SimpleRowView.swift; sourceTree = "<group>"; };
		2E2DEBD71B1B318300BFA90D /* Extensions.swift */ = {isa = PBXFileReference; fileEncoding = 4; lastKnownFileType = sourcecode.swift; path = Extensions.swift; sourceTree = "<group>"; };
		2EC45AD51FC51E3B00A8CF77 /* SnapKit.xcodeproj */ = {isa = PBXFileReference; lastKnownFileType = "wrapper.pb-project"; name = SnapKit.xcodeproj; path = Vendor/SnapKit/SnapKit.xcodeproj; sourceTree = "<group>"; };
		2EDBEAF31B017A5A00998346 /* SwiftStoreExample.app */ = {isa = PBXFileReference; explicitFileType = wrapper.application; includeInIndex = 0; path = SwiftStoreExample.app; sourceTree = BUILT_PRODUCTS_DIR; };
		2EDBEAF71B017A5A00998346 /* Info.plist */ = {isa = PBXFileReference; lastKnownFileType = text.plist.xml; path = Info.plist; sourceTree = "<group>"; };
		2EDBEAF81B017A5A00998346 /* AppDelegate.swift */ = {isa = PBXFileReference; lastKnownFileType = sourcecode.swift; path = AppDelegate.swift; sourceTree = "<group>"; };
		2EDBEAFA1B017A5A00998346 /* SimpleKeyValueViewController.swift */ = {isa = PBXFileReference; lastKnownFileType = sourcecode.swift; path = SimpleKeyValueViewController.swift; sourceTree = "<group>"; };
		2EDBEAFF1B017A5A00998346 /* Images.xcassets */ = {isa = PBXFileReference; lastKnownFileType = folder.assetcatalog; path = Images.xcassets; sourceTree = "<group>"; };
		2EDBEB021B017A5A00998346 /* Base */ = {isa = PBXFileReference; lastKnownFileType = file.xib; name = Base; path = Base.lproj/LaunchScreen.xib; sourceTree = "<group>"; };
		2EDBEB081B017A5A00998346 /* SwiftStoreExampleTests.xctest */ = {isa = PBXFileReference; explicitFileType = wrapper.cfbundle; includeInIndex = 0; path = SwiftStoreExampleTests.xctest; sourceTree = BUILT_PRODUCTS_DIR; };
		2EDBEB0D1B017A5B00998346 /* Info.plist */ = {isa = PBXFileReference; lastKnownFileType = text.plist.xml; path = Info.plist; sourceTree = "<group>"; };
		2EDBEB0E1B017A5B00998346 /* SwiftStoreExampleTests.swift */ = {isa = PBXFileReference; lastKnownFileType = sourcecode.swift; path = SwiftStoreExampleTests.swift; sourceTree = "<group>"; };
		2EDBEB281B017B4C00998346 /* SwiftStore.xcodeproj */ = {isa = PBXFileReference; lastKnownFileType = "wrapper.pb-project"; name = SwiftStore.xcodeproj; path = ../../SwiftStore.xcodeproj; sourceTree = "<group>"; };
		2EDBEB3A1B017C9700998346 /* DB.swift */ = {isa = PBXFileReference; fileEncoding = 4; lastKnownFileType = sourcecode.swift; path = DB.swift; sourceTree = "<group>"; };
		2EE9CC891B1F00E600D1FDF6 /* SimpleCollectionViewController.swift */ = {isa = PBXFileReference; fileEncoding = 4; lastKnownFileType = sourcecode.swift; path = SimpleCollectionViewController.swift; sourceTree = "<group>"; };
		2EF961A41B1B3CDC003B5ACF /* ExampleViewController.swift */ = {isa = PBXFileReference; fileEncoding = 4; lastKnownFileType = sourcecode.swift; path = ExampleViewController.swift; sourceTree = "<group>"; };
/* End PBXFileReference section */

/* Begin PBXFrameworksBuildPhase section */
		2EDBEAF01B017A5A00998346 /* Frameworks */ = {
			isa = PBXFrameworksBuildPhase;
			buildActionMask = 2147483647;
			files = (
				2EC45ADE1FC51E6A00A8CF77 /* SnapKit.framework in Frameworks */,
				2EDBEB391B017C4C00998346 /* SwiftStore.framework in Frameworks */,
			);
			runOnlyForDeploymentPostprocessing = 0;
		};
		2EDBEB051B017A5A00998346 /* Frameworks */ = {
			isa = PBXFrameworksBuildPhase;
			buildActionMask = 2147483647;
			files = (
			);
			runOnlyForDeploymentPostprocessing = 0;
		};
/* End PBXFrameworksBuildPhase section */

/* Begin PBXGroup section */
		2E2DEBCC1B1AB1F900BFA90D /* Frameworks */ = {
			isa = PBXGroup;
			children = (
				2EC45AD51FC51E3B00A8CF77 /* SnapKit.xcodeproj */,
				2EDBEB281B017B4C00998346 /* SwiftStore.xcodeproj */,
			);
			name = Frameworks;
			sourceTree = "<group>";
		};
		2EC45AD61FC51E3B00A8CF77 /* Products */ = {
			isa = PBXGroup;
			children = (
				2EC45ADB1FC51E3B00A8CF77 /* SnapKit.framework */,
				2EC45ADD1FC51E3B00A8CF77 /* SnapKit Tests.xctest */,
			);
			name = Products;
			sourceTree = "<group>";
		};
		2EDBEAEA1B017A5A00998346 = {
			isa = PBXGroup;
			children = (
				2EDBEAF51B017A5A00998346 /* SwiftStoreExample */,
				2EDBEB0B1B017A5A00998346 /* SwiftStoreExampleTests */,
				2E2DEBCC1B1AB1F900BFA90D /* Frameworks */,
				2EDBEAF41B017A5A00998346 /* Products */,
			);
			sourceTree = "<group>";
		};
		2EDBEAF41B017A5A00998346 /* Products */ = {
			isa = PBXGroup;
			children = (
				2EDBEAF31B017A5A00998346 /* SwiftStoreExample.app */,
				2EDBEB081B017A5A00998346 /* SwiftStoreExampleTests.xctest */,
			);
			name = Products;
			sourceTree = "<group>";
		};
		2EDBEAF51B017A5A00998346 /* SwiftStoreExample */ = {
			isa = PBXGroup;
			children = (
				2E2DEBD71B1B318300BFA90D /* Extensions.swift */,
				2E2DEBC41B1AB0E300BFA90D /* SimpleRowView.swift */,
				2EDBEB3A1B017C9700998346 /* DB.swift */,
				2EDBEAF81B017A5A00998346 /* AppDelegate.swift */,
				2EF961A41B1B3CDC003B5ACF /* ExampleViewController.swift */,
				2EE9CC891B1F00E600D1FDF6 /* SimpleCollectionViewController.swift */,
				2EDBEAFA1B017A5A00998346 /* SimpleKeyValueViewController.swift */,
				2EDBEAFF1B017A5A00998346 /* Images.xcassets */,
				2EDBEB011B017A5A00998346 /* LaunchScreen.xib */,
				2EDBEAF61B017A5A00998346 /* Supporting Files */,
			);
			path = SwiftStoreExample;
			sourceTree = "<group>";
		};
		2EDBEAF61B017A5A00998346 /* Supporting Files */ = {
			isa = PBXGroup;
			children = (
				2EDBEAF71B017A5A00998346 /* Info.plist */,
			);
			name = "Supporting Files";
			sourceTree = "<group>";
		};
		2EDBEB0B1B017A5A00998346 /* SwiftStoreExampleTests */ = {
			isa = PBXGroup;
			children = (
				2EDBEB0E1B017A5B00998346 /* SwiftStoreExampleTests.swift */,
				2EDBEB0C1B017A5B00998346 /* Supporting Files */,
			);
			path = SwiftStoreExampleTests;
			sourceTree = "<group>";
		};
		2EDBEB0C1B017A5B00998346 /* Supporting Files */ = {
			isa = PBXGroup;
			children = (
				2EDBEB0D1B017A5B00998346 /* Info.plist */,
			);
			name = "Supporting Files";
			sourceTree = "<group>";
		};
		2EDBEB291B017B4C00998346 /* Products */ = {
			isa = PBXGroup;
			children = (
				2EDBEB2F1B017B4D00998346 /* SwiftStore.framework */,
				2EDBEB311B017B4D00998346 /* SwiftStoreTests.xctest */,
			);
			name = Products;
			sourceTree = "<group>";
		};
/* End PBXGroup section */

/* Begin PBXNativeTarget section */
		2EDBEAF21B017A5A00998346 /* SwiftStoreExample */ = {
			isa = PBXNativeTarget;
			buildConfigurationList = 2EDBEB121B017A5B00998346 /* Build configuration list for PBXNativeTarget "SwiftStoreExample" */;
			buildPhases = (
				2EDBEAEF1B017A5A00998346 /* Sources */,
				2EDBEAF01B017A5A00998346 /* Frameworks */,
				2EDBEAF11B017A5A00998346 /* Resources */,
				2E1E380C1D966B8B0014A2E5 /* Embed Frameworks */,
			);
			buildRules = (
			);
			dependencies = (
			);
			name = SwiftStoreExample;
			productName = SwiftStoreExample;
			productReference = 2EDBEAF31B017A5A00998346 /* SwiftStoreExample.app */;
			productType = "com.apple.product-type.application";
		};
		2EDBEB071B017A5A00998346 /* SwiftStoreExampleTests */ = {
			isa = PBXNativeTarget;
			buildConfigurationList = 2EDBEB151B017A5B00998346 /* Build configuration list for PBXNativeTarget "SwiftStoreExampleTests" */;
			buildPhases = (
				2EDBEB041B017A5A00998346 /* Sources */,
				2EDBEB051B017A5A00998346 /* Frameworks */,
				2EDBEB061B017A5A00998346 /* Resources */,
			);
			buildRules = (
			);
			dependencies = (
				2EDBEB0A1B017A5A00998346 /* PBXTargetDependency */,
			);
			name = SwiftStoreExampleTests;
			productName = SwiftStoreExampleTests;
			productReference = 2EDBEB081B017A5A00998346 /* SwiftStoreExampleTests.xctest */;
			productType = "com.apple.product-type.bundle.unit-test";
		};
/* End PBXNativeTarget section */

/* Begin PBXProject section */
		2EDBEAEB1B017A5A00998346 /* Project object */ = {
			isa = PBXProject;
			attributes = {
				LastSwiftMigration = 0720;
				LastSwiftUpdateCheck = 0720;
				LastUpgradeCheck = 0630;
				ORGANIZATIONNAME = "Hemanta Sapkota";
				TargetAttributes = {
					2EDBEAF21B017A5A00998346 = {
						CreatedOnToolsVersion = 6.3.1;
						LastSwiftMigration = 0800;
					};
					2EDBEB071B017A5A00998346 = {
						CreatedOnToolsVersion = 6.3.1;
						LastSwiftMigration = 0800;
						TestTargetID = 2EDBEAF21B017A5A00998346;
					};
				};
			};
			buildConfigurationList = 2EDBEAEE1B017A5A00998346 /* Build configuration list for PBXProject "SwiftStoreExample" */;
			compatibilityVersion = "Xcode 3.2";
			developmentRegion = English;
			hasScannedForEncodings = 0;
			knownRegions = (
				English,
				en,
				Base,
			);
			mainGroup = 2EDBEAEA1B017A5A00998346;
			productRefGroup = 2EDBEAF41B017A5A00998346 /* Products */;
			projectDirPath = "";
			projectReferences = (
				{
					ProductGroup = 2EC45AD61FC51E3B00A8CF77 /* Products */;
					ProjectRef = 2EC45AD51FC51E3B00A8CF77 /* SnapKit.xcodeproj */;
				},
				{
					ProductGroup = 2EDBEB291B017B4C00998346 /* Products */;
					ProjectRef = 2EDBEB281B017B4C00998346 /* SwiftStore.xcodeproj */;
				},
			);
			projectRoot = "";
			targets = (
				2EDBEAF21B017A5A00998346 /* SwiftStoreExample */,
				2EDBEB071B017A5A00998346 /* SwiftStoreExampleTests */,
			);
		};
/* End PBXProject section */

/* Begin PBXReferenceProxy section */
		2EC45ADB1FC51E3B00A8CF77 /* SnapKit.framework */ = {
			isa = PBXReferenceProxy;
			fileType = wrapper.framework;
			path = SnapKit.framework;
			remoteRef = 2EC45ADA1FC51E3B00A8CF77 /* PBXContainerItemProxy */;
			sourceTree = BUILT_PRODUCTS_DIR;
		};
		2EC45ADD1FC51E3B00A8CF77 /* SnapKit Tests.xctest */ = {
			isa = PBXReferenceProxy;
			fileType = wrapper.cfbundle;
			path = "SnapKit Tests.xctest";
			remoteRef = 2EC45ADC1FC51E3B00A8CF77 /* PBXContainerItemProxy */;
			sourceTree = BUILT_PRODUCTS_DIR;
		};
		2EDBEB2F1B017B4D00998346 /* SwiftStore.framework */ = {
			isa = PBXReferenceProxy;
			fileType = wrapper.framework;
			path = SwiftStore.framework;
			remoteRef = 2EDBEB2E1B017B4D00998346 /* PBXContainerItemProxy */;
			sourceTree = BUILT_PRODUCTS_DIR;
		};
		2EDBEB311B017B4D00998346 /* SwiftStoreTests.xctest */ = {
			isa = PBXReferenceProxy;
			fileType = wrapper.cfbundle;
			path = SwiftStoreTests.xctest;
			remoteRef = 2EDBEB301B017B4D00998346 /* PBXContainerItemProxy */;
			sourceTree = BUILT_PRODUCTS_DIR;
		};
/* End PBXReferenceProxy section */

/* Begin PBXResourcesBuildPhase section */
		2EDBEAF11B017A5A00998346 /* Resources */ = {
			isa = PBXResourcesBuildPhase;
			buildActionMask = 2147483647;
			files = (
				2EDBEB031B017A5A00998346 /* LaunchScreen.xib in Resources */,
				2EDBEB001B017A5A00998346 /* Images.xcassets in Resources */,
			);
			runOnlyForDeploymentPostprocessing = 0;
		};
		2EDBEB061B017A5A00998346 /* Resources */ = {
			isa = PBXResourcesBuildPhase;
			buildActionMask = 2147483647;
			files = (
			);
			runOnlyForDeploymentPostprocessing = 0;
		};
/* End PBXResourcesBuildPhase section */

/* Begin PBXSourcesBuildPhase section */
		2EDBEAEF1B017A5A00998346 /* Sources */ = {
			isa = PBXSourcesBuildPhase;
			buildActionMask = 2147483647;
			files = (
				2E2DEBD81B1B318300BFA90D /* Extensions.swift in Sources */,
				2EDBEAFB1B017A5A00998346 /* SimpleKeyValueViewController.swift in Sources */,
				2EDBEAF91B017A5A00998346 /* AppDelegate.swift in Sources */,
				2EDBEB3B1B017C9700998346 /* DB.swift in Sources */,
				2EE9CC8A1B1F00E600D1FDF6 /* SimpleCollectionViewController.swift in Sources */,
				2E2DEBC51B1AB0E300BFA90D /* SimpleRowView.swift in Sources */,
				2EF961A51B1B3CDC003B5ACF /* ExampleViewController.swift in Sources */,
			);
			runOnlyForDeploymentPostprocessing = 0;
		};
		2EDBEB041B017A5A00998346 /* Sources */ = {
			isa = PBXSourcesBuildPhase;
			buildActionMask = 2147483647;
			files = (
				2EDBEB0F1B017A5B00998346 /* SwiftStoreExampleTests.swift in Sources */,
			);
			runOnlyForDeploymentPostprocessing = 0;
		};
/* End PBXSourcesBuildPhase section */

/* Begin PBXTargetDependency section */
		2EDBEB0A1B017A5A00998346 /* PBXTargetDependency */ = {
			isa = PBXTargetDependency;
			target = 2EDBEAF21B017A5A00998346 /* SwiftStoreExample */;
			targetProxy = 2EDBEB091B017A5A00998346 /* PBXContainerItemProxy */;
		};
/* End PBXTargetDependency section */

/* Begin PBXVariantGroup section */
		2EDBEB011B017A5A00998346 /* LaunchScreen.xib */ = {
			isa = PBXVariantGroup;
			children = (
				2EDBEB021B017A5A00998346 /* Base */,
			);
			name = LaunchScreen.xib;
			sourceTree = "<group>";
		};
/* End PBXVariantGroup section */

/* Begin XCBuildConfiguration section */
		2EDBEB101B017A5B00998346 /* Debug */ = {
			isa = XCBuildConfiguration;
			buildSettings = {
				ALWAYS_SEARCH_USER_PATHS = NO;
				CLANG_CXX_LANGUAGE_STANDARD = "gnu++0x";
				CLANG_CXX_LIBRARY = "libc++";
				CLANG_ENABLE_MODULES = YES;
				CLANG_ENABLE_OBJC_ARC = YES;
				CLANG_WARN_BOOL_CONVERSION = YES;
				CLANG_WARN_CONSTANT_CONVERSION = YES;
				CLANG_WARN_DIRECT_OBJC_ISA_USAGE = YES_ERROR;
				CLANG_WARN_EMPTY_BODY = YES;
				CLANG_WARN_ENUM_CONVERSION = YES;
				CLANG_WARN_INT_CONVERSION = YES;
				CLANG_WARN_OBJC_ROOT_CLASS = YES_ERROR;
				CLANG_WARN_UNREACHABLE_CODE = YES;
				CLANG_WARN__DUPLICATE_METHOD_MATCH = YES;
				"CODE_SIGN_IDENTITY[sdk=iphoneos*]" = "iPhone Developer";
				COPY_PHASE_STRIP = NO;
				DEBUG_INFORMATION_FORMAT = "dwarf-with-dsym";
				ENABLE_STRICT_OBJC_MSGSEND = YES;
				GCC_C_LANGUAGE_STANDARD = gnu99;
				GCC_DYNAMIC_NO_PIC = NO;
				GCC_NO_COMMON_BLOCKS = YES;
				GCC_OPTIMIZATION_LEVEL = 0;
				GCC_PREPROCESSOR_DEFINITIONS = (
					"DEBUG=1",
					"$(inherited)",
				);
				GCC_SYMBOLS_PRIVATE_EXTERN = NO;
				GCC_WARN_64_TO_32_BIT_CONVERSION = YES;
				GCC_WARN_ABOUT_RETURN_TYPE = YES_ERROR;
				GCC_WARN_UNDECLARED_SELECTOR = YES;
				GCC_WARN_UNINITIALIZED_AUTOS = YES_AGGRESSIVE;
				GCC_WARN_UNUSED_FUNCTION = YES;
				GCC_WARN_UNUSED_VARIABLE = YES;
				IPHONEOS_DEPLOYMENT_TARGET = 8.3;
				MTL_ENABLE_DEBUG_INFO = YES;
				ONLY_ACTIVE_ARCH = YES;
				SDKROOT = iphoneos;
				SWIFT_OPTIMIZATION_LEVEL = "-Onone";
				TARGETED_DEVICE_FAMILY = "1,2";
			};
			name = Debug;
		};
		2EDBEB111B017A5B00998346 /* Release */ = {
			isa = XCBuildConfiguration;
			buildSettings = {
				ALWAYS_SEARCH_USER_PATHS = NO;
				CLANG_CXX_LANGUAGE_STANDARD = "gnu++0x";
				CLANG_CXX_LIBRARY = "libc++";
				CLANG_ENABLE_MODULES = YES;
				CLANG_ENABLE_OBJC_ARC = YES;
				CLANG_WARN_BOOL_CONVERSION = YES;
				CLANG_WARN_CONSTANT_CONVERSION = YES;
				CLANG_WARN_DIRECT_OBJC_ISA_USAGE = YES_ERROR;
				CLANG_WARN_EMPTY_BODY = YES;
				CLANG_WARN_ENUM_CONVERSION = YES;
				CLANG_WARN_INT_CONVERSION = YES;
				CLANG_WARN_OBJC_ROOT_CLASS = YES_ERROR;
				CLANG_WARN_UNREACHABLE_CODE = YES;
				CLANG_WARN__DUPLICATE_METHOD_MATCH = YES;
				"CODE_SIGN_IDENTITY[sdk=iphoneos*]" = "iPhone Developer";
				COPY_PHASE_STRIP = NO;
				DEBUG_INFORMATION_FORMAT = "dwarf-with-dsym";
				ENABLE_NS_ASSERTIONS = NO;
				ENABLE_STRICT_OBJC_MSGSEND = YES;
				GCC_C_LANGUAGE_STANDARD = gnu99;
				GCC_NO_COMMON_BLOCKS = YES;
				GCC_WARN_64_TO_32_BIT_CONVERSION = YES;
				GCC_WARN_ABOUT_RETURN_TYPE = YES_ERROR;
				GCC_WARN_UNDECLARED_SELECTOR = YES;
				GCC_WARN_UNINITIALIZED_AUTOS = YES_AGGRESSIVE;
				GCC_WARN_UNUSED_FUNCTION = YES;
				GCC_WARN_UNUSED_VARIABLE = YES;
				IPHONEOS_DEPLOYMENT_TARGET = 8.3;
				MTL_ENABLE_DEBUG_INFO = NO;
				SDKROOT = iphoneos;
				TARGETED_DEVICE_FAMILY = "1,2";
				VALIDATE_PRODUCT = YES;
			};
			name = Release;
		};
		2EDBEB131B017A5B00998346 /* Debug */ = {
			isa = XCBuildConfiguration;
			buildSettings = {
				ALWAYS_EMBED_SWIFT_STANDARD_LIBRARIES = YES;
				ASSETCATALOG_COMPILER_APPICON_NAME = AppIcon;
				FRAMEWORK_SEARCH_PATHS = (
					"$(inherited)",
					"$(PROJECT_DIR)/Carthage/Build/iOS",
				);
				INFOPLIST_FILE = SwiftStoreExample/Info.plist;
				IPHONEOS_DEPLOYMENT_TARGET = 12.1;
				LD_RUNPATH_SEARCH_PATHS = "$(inherited) @executable_path/Frameworks";
				PRODUCT_NAME = "$(TARGET_NAME)";
				SWIFT_VERSION = 5.0;
			};
			name = Debug;
		};
		2EDBEB141B017A5B00998346 /* Release */ = {
			isa = XCBuildConfiguration;
			buildSettings = {
				ALWAYS_EMBED_SWIFT_STANDARD_LIBRARIES = YES;
				ASSETCATALOG_COMPILER_APPICON_NAME = AppIcon;
				FRAMEWORK_SEARCH_PATHS = (
					"$(inherited)",
					"$(PROJECT_DIR)/Carthage/Build/iOS",
				);
				INFOPLIST_FILE = SwiftStoreExample/Info.plist;
				IPHONEOS_DEPLOYMENT_TARGET = 12.1;
				LD_RUNPATH_SEARCH_PATHS = "$(inherited) @executable_path/Frameworks";
				PRODUCT_NAME = "$(TARGET_NAME)";
				SWIFT_VERSION = 5.0;
			};
			name = Release;
		};
		2EDBEB161B017A5B00998346 /* Debug */ = {
			isa = XCBuildConfiguration;
			buildSettings = {
				BUNDLE_LOADER = "$(TEST_HOST)";
				FRAMEWORK_SEARCH_PATHS = (
					"$(SDKROOT)/Developer/Library/Frameworks",
					"$(inherited)",
				);
				GCC_PREPROCESSOR_DEFINITIONS = (
					"DEBUG=1",
					"$(inherited)",
				);
				INFOPLIST_FILE = SwiftStoreExampleTests/Info.plist;
				LD_RUNPATH_SEARCH_PATHS = "$(inherited) @executable_path/Frameworks @loader_path/Frameworks";
				PRODUCT_NAME = "$(TARGET_NAME)";
				SWIFT_VERSION = 5.0;
				TEST_HOST = "$(BUILT_PRODUCTS_DIR)/SwiftStoreExample.app/SwiftStoreExample";
			};
			name = Debug;
		};
		2EDBEB171B017A5B00998346 /* Release */ = {
			isa = XCBuildConfiguration;
			buildSettings = {
				BUNDLE_LOADER = "$(TEST_HOST)";
				FRAMEWORK_SEARCH_PATHS = (
					"$(SDKROOT)/Developer/Library/Frameworks",
					"$(inherited)",
				);
				INFOPLIST_FILE = SwiftStoreExampleTests/Info.plist;
				LD_RUNPATH_SEARCH_PATHS = "$(inherited) @executable_path/Frameworks @loader_path/Frameworks";
				PRODUCT_NAME = "$(TARGET_NAME)";
				SWIFT_VERSION = 5.0;
				TEST_HOST = "$(BUILT_PRODUCTS_DIR)/SwiftStoreExample.app/SwiftStoreExample";
			};
			name = Release;
		};
/* End XCBuildConfiguration section */

/* Begin XCConfigurationList section */
		2EDBEAEE1B017A5A00998346 /* Build configuration list for PBXProject "SwiftStoreExample" */ = {
			isa = XCConfigurationList;
			buildConfigurations = (
				2EDBEB101B017A5B00998346 /* Debug */,
				2EDBEB111B017A5B00998346 /* Release */,
			);
			defaultConfigurationIsVisible = 0;
			defaultConfigurationName = Release;
		};
		2EDBEB121B017A5B00998346 /* Build configuration list for PBXNativeTarget "SwiftStoreExample" */ = {
			isa = XCConfigurationList;
			buildConfigurations = (
				2EDBEB131B017A5B00998346 /* Debug */,
				2EDBEB141B017A5B00998346 /* Release */,
			);
			defaultConfigurationIsVisible = 0;
			defaultConfigurationName = Release;
		};
		2EDBEB151B017A5B00998346 /* Build configuration list for PBXNativeTarget "SwiftStoreExampleTests" */ = {
			isa = XCConfigurationList;
			buildConfigurations = (
				2EDBEB161B017A5B00998346 /* Debug */,
				2EDBEB171B017A5B00998346 /* Release */,
			);
			defaultConfigurationIsVisible = 0;
			defaultConfigurationName = Release;
		};
/* End XCConfigurationList section */
	};
	rootObject = 2EDBEAEB1B017A5A00998346 /* Project object */;
}
