// !$*UTF8*$!
{
	archiveVersion = 1;
	classes = {
	};
	objectVersion = 52;
	objects = {

/* Begin PBXBuildFile section */
		0DB729122674E2DB0011F7A1 /* EIP712ParameterEncoder.swift in Sources */ = {isa = PBXBuildFile; fileRef = 0DB729022674E2DB0011F7A1 /* EIP712ParameterEncoder.swift */; };
		0DB729142674E2DB0011F7A1 /* EIP712Parameter.swift in Sources */ = {isa = PBXBuildFile; fileRef = 0DB729042674E2DB0011F7A1 /* EIP712Parameter.swift */; };
		0DB729152674E2DB0011F7A1 /* EIP712Error.swift in Sources */ = {isa = PBXBuildFile; fileRef = 0DB729052674E2DB0011F7A1 /* EIP712Error.swift */; };
		0DB729162674E2DB0011F7A1 /* EIP712SimpleValue.swift in Sources */ = {isa = PBXBuildFile; fileRef = 0DB729062674E2DB0011F7A1 /* EIP712SimpleValue.swift */; };
		0DB729172674E2DB0011F7A1 /* EIP712StructType.swift in Sources */ = {isa = PBXBuildFile; fileRef = 0DB729072674E2DB0011F7A1 /* EIP712StructType.swift */; };
		0DB729182674E2DB0011F7A1 /* EIP712Signer.swift in Sources */ = {isa = PBXBuildFile; fileRef = 0DB729082674E2DB0011F7A1 /* EIP712Signer.swift */; };
		0DB729192674E2DB0011F7A1 /* EIP712TypedData.swift in Sources */ = {isa = PBXBuildFile; fileRef = 0DB729092674E2DB0011F7A1 /* EIP712TypedData.swift */; };
		0DB7291A2674E2DB0011F7A1 /* EIP712Type.swift in Sources */ = {isa = PBXBuildFile; fileRef = 0DB7290A2674E2DB0011F7A1 /* EIP712Type.swift */; };
		0DB7291B2674E2DB0011F7A1 /* EIP712Hash.swift in Sources */ = {isa = PBXBuildFile; fileRef = 0DB7290B2674E2DB0011F7A1 /* EIP712Hash.swift */; };
		0DB7291C2674E2DB0011F7A1 /* EIP712Value.swift in Sources */ = {isa = PBXBuildFile; fileRef = 0DB7290D2674E2DB0011F7A1 /* EIP712Value.swift */; };
		0DB7291D2674E2DB0011F7A1 /* EIP712Hashable.swift in Sources */ = {isa = PBXBuildFile; fileRef = 0DB7290E2674E2DB0011F7A1 /* EIP712Hashable.swift */; };
		0DB7291E2674E2DB0011F7A1 /* EIP712Signable.swift in Sources */ = {isa = PBXBuildFile; fileRef = 0DB7290F2674E2DB0011F7A1 /* EIP712Signable.swift */; };
		0DB7291F2674E2DB0011F7A1 /* EIP712Representable.swift in Sources */ = {isa = PBXBuildFile; fileRef = 0DB729102674E2DB0011F7A1 /* EIP712Representable.swift */; };
		0DB729202674E2DB0011F7A1 /* EIP712Domain.swift in Sources */ = {isa = PBXBuildFile; fileRef = 0DB729112674E2DB0011F7A1 /* EIP712Domain.swift */; };
		0DC750BE2675FEED00A2963C /* Errors.swift in Sources */ = {isa = PBXBuildFile; fileRef = 0DC750BD2675FEED00A2963C /* Errors.swift */; };
		2C1995402674C4B900A8E370 /* AppDelegate.swift in Sources */ = {isa = PBXBuildFile; fileRef = 2C19953F2674C4B900A8E370 /* AppDelegate.swift */; };
		2C1995422674C4B900A8E370 /* ImportViewController.swift in Sources */ = {isa = PBXBuildFile; fileRef = 2C1995412674C4B900A8E370 /* ImportViewController.swift */; };
		2C1995442674C4BA00A8E370 /* Assets.xcassets in Resources */ = {isa = PBXBuildFile; fileRef = 2C1995432674C4BA00A8E370 /* Assets.xcassets */; };
		2C1995472674C4BA00A8E370 /* Main.storyboard in Resources */ = {isa = PBXBuildFile; fileRef = 2C1995452674C4BA00A8E370 /* Main.storyboard */; };
		2C1995562674D0F300A8E370 /* Ethereum.swift in Sources */ = {isa = PBXBuildFile; fileRef = 2C1995552674D0F300A8E370 /* Ethereum.swift */; };
		2C19955B2674D54600A8E370 /* WalletConnect in Frameworks */ = {isa = PBXBuildFile; productRef = 2C19955A2674D54600A8E370 /* WalletConnect */; };
		2C8A09B52675101300993638 /* AccountsService.swift in Sources */ = {isa = PBXBuildFile; fileRef = 2C8A09B42675101300993638 /* AccountsService.swift */; };
		2C8A09C6267513FC00993638 /* Agent.swift in Sources */ = {isa = PBXBuildFile; fileRef = 2C8A09C5267513FC00993638 /* Agent.swift */; };
		2C8A09D42675184700993638 /* Window.swift in Sources */ = {isa = PBXBuildFile; fileRef = 2C8A09D32675184700993638 /* Window.swift */; };
		2C8A09D726751A0C00993638 /* WalletConnect.swift in Sources */ = {isa = PBXBuildFile; fileRef = 2C8A09D626751A0C00993638 /* WalletConnect.swift */; };
		2C8A09DF267579EA00993638 /* AccountsListViewController.swift in Sources */ = {isa = PBXBuildFile; fileRef = 2C8A09DE267579EA00993638 /* AccountsListViewController.swift */; };
		2C8A09E326757FC000993638 /* AccountCellView.swift in Sources */ = {isa = PBXBuildFile; fileRef = 2C8A09E226757FC000993638 /* AccountCellView.swift */; };
		2C8A09E82675960D00993638 /* ErrorViewController.swift in Sources */ = {isa = PBXBuildFile; fileRef = 2C8A09E72675960D00993638 /* ErrorViewController.swift */; };
		2C8A09EB2675964700993638 /* ApproveViewController.swift in Sources */ = {isa = PBXBuildFile; fileRef = 2C8A09EA2675964700993638 /* ApproveViewController.swift */; };
		2C8A09EE2675965F00993638 /* WaitingViewController.swift in Sources */ = {isa = PBXBuildFile; fileRef = 2C8A09ED2675965F00993638 /* WaitingViewController.swift */; };
		2CDAB3722675B3F0009F8B97 /* PinViewController.swift in Sources */ = {isa = PBXBuildFile; fileRef = 2CDAB3712675B3F0009F8B97 /* PinViewController.swift */; };
		88745B0F4DEE1F60AD0F02C3 /* Pods_Encrypted_Ink.framework in Frameworks */ = {isa = PBXBuildFile; fileRef = 3704D7F64179CCDCE2E8C783 /* Pods_Encrypted_Ink.framework */; };
/* End PBXBuildFile section */

/* Begin PBXFileReference section */
		0DB729022674E2DB0011F7A1 /* EIP712ParameterEncoder.swift */ = {isa = PBXFileReference; fileEncoding = 4; lastKnownFileType = sourcecode.swift; path = EIP712ParameterEncoder.swift; sourceTree = "<group>"; };
		0DB729042674E2DB0011F7A1 /* EIP712Parameter.swift */ = {isa = PBXFileReference; fileEncoding = 4; lastKnownFileType = sourcecode.swift; path = EIP712Parameter.swift; sourceTree = "<group>"; };
		0DB729052674E2DB0011F7A1 /* EIP712Error.swift */ = {isa = PBXFileReference; fileEncoding = 4; lastKnownFileType = sourcecode.swift; path = EIP712Error.swift; sourceTree = "<group>"; };
		0DB729062674E2DB0011F7A1 /* EIP712SimpleValue.swift */ = {isa = PBXFileReference; fileEncoding = 4; lastKnownFileType = sourcecode.swift; path = EIP712SimpleValue.swift; sourceTree = "<group>"; };
		0DB729072674E2DB0011F7A1 /* EIP712StructType.swift */ = {isa = PBXFileReference; fileEncoding = 4; lastKnownFileType = sourcecode.swift; path = EIP712StructType.swift; sourceTree = "<group>"; };
		0DB729082674E2DB0011F7A1 /* EIP712Signer.swift */ = {isa = PBXFileReference; fileEncoding = 4; lastKnownFileType = sourcecode.swift; path = EIP712Signer.swift; sourceTree = "<group>"; };
		0DB729092674E2DB0011F7A1 /* EIP712TypedData.swift */ = {isa = PBXFileReference; fileEncoding = 4; lastKnownFileType = sourcecode.swift; path = EIP712TypedData.swift; sourceTree = "<group>"; };
		0DB7290A2674E2DB0011F7A1 /* EIP712Type.swift */ = {isa = PBXFileReference; fileEncoding = 4; lastKnownFileType = sourcecode.swift; path = EIP712Type.swift; sourceTree = "<group>"; };
		0DB7290B2674E2DB0011F7A1 /* EIP712Hash.swift */ = {isa = PBXFileReference; fileEncoding = 4; lastKnownFileType = sourcecode.swift; path = EIP712Hash.swift; sourceTree = "<group>"; };
		0DB7290D2674E2DB0011F7A1 /* EIP712Value.swift */ = {isa = PBXFileReference; fileEncoding = 4; lastKnownFileType = sourcecode.swift; path = EIP712Value.swift; sourceTree = "<group>"; };
		0DB7290E2674E2DB0011F7A1 /* EIP712Hashable.swift */ = {isa = PBXFileReference; fileEncoding = 4; lastKnownFileType = sourcecode.swift; path = EIP712Hashable.swift; sourceTree = "<group>"; };
		0DB7290F2674E2DB0011F7A1 /* EIP712Signable.swift */ = {isa = PBXFileReference; fileEncoding = 4; lastKnownFileType = sourcecode.swift; path = EIP712Signable.swift; sourceTree = "<group>"; };
		0DB729102674E2DB0011F7A1 /* EIP712Representable.swift */ = {isa = PBXFileReference; fileEncoding = 4; lastKnownFileType = sourcecode.swift; path = EIP712Representable.swift; sourceTree = "<group>"; };
		0DB729112674E2DB0011F7A1 /* EIP712Domain.swift */ = {isa = PBXFileReference; fileEncoding = 4; lastKnownFileType = sourcecode.swift; path = EIP712Domain.swift; sourceTree = "<group>"; };
		0DC750BD2675FEED00A2963C /* Errors.swift */ = {isa = PBXFileReference; lastKnownFileType = sourcecode.swift; path = Errors.swift; sourceTree = "<group>"; };
		133FE10DD9778DE6E9745037 /* Pods-Encrypted Ink.debug.xcconfig */ = {isa = PBXFileReference; includeInIndex = 1; lastKnownFileType = text.xcconfig; name = "Pods-Encrypted Ink.debug.xcconfig"; path = "Target Support Files/Pods-Encrypted Ink/Pods-Encrypted Ink.debug.xcconfig"; sourceTree = "<group>"; };
		2179E47ED166F2C33B9718BA /* Pods-Encrypted Ink.release.xcconfig */ = {isa = PBXFileReference; includeInIndex = 1; lastKnownFileType = text.xcconfig; name = "Pods-Encrypted Ink.release.xcconfig"; path = "Target Support Files/Pods-Encrypted Ink/Pods-Encrypted Ink.release.xcconfig"; sourceTree = "<group>"; };
		2C19953C2674C4B900A8E370 /* Encrypted Ink.app */ = {isa = PBXFileReference; explicitFileType = wrapper.application; includeInIndex = 0; path = "Encrypted Ink.app"; sourceTree = BUILT_PRODUCTS_DIR; };
		2C19953F2674C4B900A8E370 /* AppDelegate.swift */ = {isa = PBXFileReference; lastKnownFileType = sourcecode.swift; path = AppDelegate.swift; sourceTree = "<group>"; };
		2C1995412674C4B900A8E370 /* ImportViewController.swift */ = {isa = PBXFileReference; lastKnownFileType = sourcecode.swift; path = ImportViewController.swift; sourceTree = "<group>"; };
		2C1995432674C4BA00A8E370 /* Assets.xcassets */ = {isa = PBXFileReference; lastKnownFileType = folder.assetcatalog; path = Assets.xcassets; sourceTree = "<group>"; };
		2C1995462674C4BA00A8E370 /* Base */ = {isa = PBXFileReference; lastKnownFileType = file.storyboard; name = Base; path = Base.lproj/Main.storyboard; sourceTree = "<group>"; };
		2C1995482674C4BA00A8E370 /* Info.plist */ = {isa = PBXFileReference; lastKnownFileType = text.plist.xml; path = Info.plist; sourceTree = "<group>"; };
		2C1995492674C4BA00A8E370 /* Encrypted_Ink.entitlements */ = {isa = PBXFileReference; lastKnownFileType = text.plist.entitlements; path = Encrypted_Ink.entitlements; sourceTree = "<group>"; };
		2C1995552674D0F300A8E370 /* Ethereum.swift */ = {isa = PBXFileReference; lastKnownFileType = sourcecode.swift; path = Ethereum.swift; sourceTree = "<group>"; };
		2C8A09B42675101300993638 /* AccountsService.swift */ = {isa = PBXFileReference; lastKnownFileType = sourcecode.swift; path = AccountsService.swift; sourceTree = "<group>"; };
		2C8A09C5267513FC00993638 /* Agent.swift */ = {isa = PBXFileReference; lastKnownFileType = sourcecode.swift; path = Agent.swift; sourceTree = "<group>"; };
		2C8A09D32675184700993638 /* Window.swift */ = {isa = PBXFileReference; lastKnownFileType = sourcecode.swift; path = Window.swift; sourceTree = "<group>"; };
		2C8A09D626751A0C00993638 /* WalletConnect.swift */ = {isa = PBXFileReference; lastKnownFileType = sourcecode.swift; path = WalletConnect.swift; sourceTree = "<group>"; };
		2C8A09DE267579EA00993638 /* AccountsListViewController.swift */ = {isa = PBXFileReference; lastKnownFileType = sourcecode.swift; path = AccountsListViewController.swift; sourceTree = "<group>"; };
		2C8A09E226757FC000993638 /* AccountCellView.swift */ = {isa = PBXFileReference; lastKnownFileType = sourcecode.swift; path = AccountCellView.swift; sourceTree = "<group>"; };
		2C8A09E72675960D00993638 /* ErrorViewController.swift */ = {isa = PBXFileReference; lastKnownFileType = sourcecode.swift; path = ErrorViewController.swift; sourceTree = "<group>"; };
		2C8A09EA2675964700993638 /* ApproveViewController.swift */ = {isa = PBXFileReference; lastKnownFileType = sourcecode.swift; path = ApproveViewController.swift; sourceTree = "<group>"; };
		2C8A09ED2675965F00993638 /* WaitingViewController.swift */ = {isa = PBXFileReference; lastKnownFileType = sourcecode.swift; path = WaitingViewController.swift; sourceTree = "<group>"; };
		2CDAB3712675B3F0009F8B97 /* PinViewController.swift */ = {isa = PBXFileReference; lastKnownFileType = sourcecode.swift; path = PinViewController.swift; sourceTree = "<group>"; };
		3704D7F64179CCDCE2E8C783 /* Pods_Encrypted_Ink.framework */ = {isa = PBXFileReference; explicitFileType = wrapper.framework; includeInIndex = 0; path = Pods_Encrypted_Ink.framework; sourceTree = BUILT_PRODUCTS_DIR; };
/* End PBXFileReference section */

/* Begin PBXFrameworksBuildPhase section */
		2C1995392674C4B900A8E370 /* Frameworks */ = {
			isa = PBXFrameworksBuildPhase;
			buildActionMask = 2147483647;
			files = (
				2C19955B2674D54600A8E370 /* WalletConnect in Frameworks */,
				88745B0F4DEE1F60AD0F02C3 /* Pods_Encrypted_Ink.framework in Frameworks */,
			);
			runOnlyForDeploymentPostprocessing = 0;
		};
/* End PBXFrameworksBuildPhase section */

/* Begin PBXGroup section */
		0DB729012674E2DB0011F7A1 /* EIP712 */ = {
			isa = PBXGroup;
			children = (
				0DB729022674E2DB0011F7A1 /* EIP712ParameterEncoder.swift */,
				0DB729042674E2DB0011F7A1 /* EIP712Parameter.swift */,
				0DB729052674E2DB0011F7A1 /* EIP712Error.swift */,
				0DB729062674E2DB0011F7A1 /* EIP712SimpleValue.swift */,
				0DB729072674E2DB0011F7A1 /* EIP712StructType.swift */,
				0DB729082674E2DB0011F7A1 /* EIP712Signer.swift */,
				0DB729092674E2DB0011F7A1 /* EIP712TypedData.swift */,
				0DB7290A2674E2DB0011F7A1 /* EIP712Type.swift */,
				0DB7290B2674E2DB0011F7A1 /* EIP712Hash.swift */,
				0DB729112674E2DB0011F7A1 /* EIP712Domain.swift */,
				0DB7290C2674E2DB0011F7A1 /* Protocols */,
			);
			path = EIP712;
			sourceTree = "<group>";
		};
		0DB7290C2674E2DB0011F7A1 /* Protocols */ = {
			isa = PBXGroup;
			children = (
				0DB7290D2674E2DB0011F7A1 /* EIP712Value.swift */,
				0DB7290E2674E2DB0011F7A1 /* EIP712Hashable.swift */,
				0DB7290F2674E2DB0011F7A1 /* EIP712Signable.swift */,
				0DB729102674E2DB0011F7A1 /* EIP712Representable.swift */,
			);
			path = Protocols;
			sourceTree = "<group>";
		};
		1C23D544A4EEFF8BDDA4F1A9 /* Frameworks */ = {
			isa = PBXGroup;
			children = (
				3704D7F64179CCDCE2E8C783 /* Pods_Encrypted_Ink.framework */,
			);
			name = Frameworks;
			sourceTree = "<group>";
		};
		2C1995332674C4B900A8E370 = {
			isa = PBXGroup;
			children = (
				2C19953E2674C4B900A8E370 /* Encrypted Ink */,
				2C19953D2674C4B900A8E370 /* Products */,
				FB5786212D81829B0FADBD25 /* Pods */,
				1C23D544A4EEFF8BDDA4F1A9 /* Frameworks */,
			);
			sourceTree = "<group>";
		};
		2C19953D2674C4B900A8E370 /* Products */ = {
			isa = PBXGroup;
			children = (
				2C19953C2674C4B900A8E370 /* Encrypted Ink.app */,
			);
			name = Products;
			sourceTree = "<group>";
		};
		2C19953E2674C4B900A8E370 /* Encrypted Ink */ = {
			isa = PBXGroup;
			children = (
				2C19953F2674C4B900A8E370 /* AppDelegate.swift */,
				2C8A09C5267513FC00993638 /* Agent.swift */,
				2C8A09D626751A0C00993638 /* WalletConnect.swift */,
				0DC750BD2675FEED00A2963C /* Errors.swift */,
				2C8A09D32675184700993638 /* Window.swift */,
				2C8A09C92675142700993638 /* Screens */,
				2C8A09C2267513A700993638 /* Ethereum */,
				2C8A09E5267595C200993638 /* Views */,
				2C1995432674C4BA00A8E370 /* Assets.xcassets */,
				2C1995482674C4BA00A8E370 /* Info.plist */,
				2C1995492674C4BA00A8E370 /* Encrypted_Ink.entitlements */,
			);
			path = "Encrypted Ink";
			sourceTree = "<group>";
		};
		2C8A09C2267513A700993638 /* Ethereum */ = {
			isa = PBXGroup;
			children = (
				2C1995552674D0F300A8E370 /* Ethereum.swift */,
				2C8A09B42675101300993638 /* AccountsService.swift */,
				0DB729012674E2DB0011F7A1 /* EIP712 */,
			);
			path = Ethereum;
			sourceTree = "<group>";
		};
		2C8A09C92675142700993638 /* Screens */ = {
			isa = PBXGroup;
			children = (
				2C1995412674C4B900A8E370 /* ImportViewController.swift */,
				2CDAB3712675B3F0009F8B97 /* PinViewController.swift */,
				2C8A09E72675960D00993638 /* ErrorViewController.swift */,
				2C8A09EA2675964700993638 /* ApproveViewController.swift */,
				2C8A09ED2675965F00993638 /* WaitingViewController.swift */,
				2C8A09DE267579EA00993638 /* AccountsListViewController.swift */,
				2C1995452674C4BA00A8E370 /* Main.storyboard */,
			);
			path = Screens;
			sourceTree = "<group>";
		};
		2C8A09E5267595C200993638 /* Views */ = {
			isa = PBXGroup;
			children = (
				2C8A09E226757FC000993638 /* AccountCellView.swift */,
			);
			path = Views;
			sourceTree = "<group>";
		};
		FB5786212D81829B0FADBD25 /* Pods */ = {
			isa = PBXGroup;
			children = (
				133FE10DD9778DE6E9745037 /* Pods-Encrypted Ink.debug.xcconfig */,
				2179E47ED166F2C33B9718BA /* Pods-Encrypted Ink.release.xcconfig */,
			);
			path = Pods;
			sourceTree = "<group>";
		};
/* End PBXGroup section */

/* Begin PBXNativeTarget section */
		2C19953B2674C4B900A8E370 /* Encrypted Ink */ = {
			isa = PBXNativeTarget;
			buildConfigurationList = 2C19954C2674C4BA00A8E370 /* Build configuration list for PBXNativeTarget "Encrypted Ink" */;
			buildPhases = (
				C1B14E538147684B5908AEA3 /* [CP] Check Pods Manifest.lock */,
				2C1995382674C4B900A8E370 /* Sources */,
				2C1995392674C4B900A8E370 /* Frameworks */,
				2C19953A2674C4B900A8E370 /* Resources */,
				2C1995512674C6A100A8E370 /* ShellScript */,
				9406EE6FCFB48CF1704D3928 /* [CP] Embed Pods Frameworks */,
			);
			buildRules = (
			);
			dependencies = (
			);
			name = "Encrypted Ink";
			packageProductDependencies = (
				2C19955A2674D54600A8E370 /* WalletConnect */,
			);
			productName = "Ecrypted Ink";
			productReference = 2C19953C2674C4B900A8E370 /* Encrypted Ink.app */;
			productType = "com.apple.product-type.application";
		};
/* End PBXNativeTarget section */

/* Begin PBXProject section */
		2C1995342674C4B900A8E370 /* Project object */ = {
			isa = PBXProject;
			attributes = {
				LastSwiftUpdateCheck = 1240;
				LastUpgradeCheck = 1240;
				TargetAttributes = {
					2C19953B2674C4B900A8E370 = {
						CreatedOnToolsVersion = 12.4;
					};
				};
			};
			buildConfigurationList = 2C1995372674C4B900A8E370 /* Build configuration list for PBXProject "Encrypted Ink" */;
			compatibilityVersion = "Xcode 9.3";
			developmentRegion = en;
			hasScannedForEncodings = 0;
			knownRegions = (
				en,
				Base,
			);
			mainGroup = 2C1995332674C4B900A8E370;
			packageReferences = (
				2C1995592674D54600A8E370 /* XCRemoteSwiftPackageReference "wallet-connect-swift" */,
			);
			productRefGroup = 2C19953D2674C4B900A8E370 /* Products */;
			projectDirPath = "";
			projectRoot = "";
			targets = (
				2C19953B2674C4B900A8E370 /* Encrypted Ink */,
			);
		};
/* End PBXProject section */

/* Begin PBXResourcesBuildPhase section */
		2C19953A2674C4B900A8E370 /* Resources */ = {
			isa = PBXResourcesBuildPhase;
			buildActionMask = 2147483647;
			files = (
				2C1995442674C4BA00A8E370 /* Assets.xcassets in Resources */,
				2C1995472674C4BA00A8E370 /* Main.storyboard in Resources */,
			);
			runOnlyForDeploymentPostprocessing = 0;
		};
/* End PBXResourcesBuildPhase section */

/* Begin PBXShellScriptBuildPhase section */
		2C1995512674C6A100A8E370 /* ShellScript */ = {
			isa = PBXShellScriptBuildPhase;
			buildActionMask = 2147483647;
			files = (
			);
			inputFileListPaths = (
			);
			inputPaths = (
			);
			outputFileListPaths = (
			);
			outputPaths = (
			);
			runOnlyForDeploymentPostprocessing = 0;
			shellPath = /bin/sh;
			shellScript = "if which swiftlint >/dev/null; then\n  swiftlint\nelse\n  echo \"warning: SwiftLint not installed, download from https://github.com/realm/SwiftLint\"\nfi\n";
		};
		9406EE6FCFB48CF1704D3928 /* [CP] Embed Pods Frameworks */ = {
			isa = PBXShellScriptBuildPhase;
			buildActionMask = 2147483647;
			files = (
			);
			inputFileListPaths = (
				"${PODS_ROOT}/Target Support Files/Pods-Encrypted Ink/Pods-Encrypted Ink-frameworks-${CONFIGURATION}-input-files.xcfilelist",
			);
			name = "[CP] Embed Pods Frameworks";
			outputFileListPaths = (
				"${PODS_ROOT}/Target Support Files/Pods-Encrypted Ink/Pods-Encrypted Ink-frameworks-${CONFIGURATION}-output-files.xcfilelist",
			);
			runOnlyForDeploymentPostprocessing = 0;
			shellPath = /bin/sh;
			shellScript = "\"${PODS_ROOT}/Target Support Files/Pods-Encrypted Ink/Pods-Encrypted Ink-frameworks.sh\"\n";
			showEnvVarsInLog = 0;
		};
		C1B14E538147684B5908AEA3 /* [CP] Check Pods Manifest.lock */ = {
			isa = PBXShellScriptBuildPhase;
			buildActionMask = 2147483647;
			files = (
			);
			inputFileListPaths = (
			);
			inputPaths = (
				"${PODS_PODFILE_DIR_PATH}/Podfile.lock",
				"${PODS_ROOT}/Manifest.lock",
			);
			name = "[CP] Check Pods Manifest.lock";
			outputFileListPaths = (
			);
			outputPaths = (
				"$(DERIVED_FILE_DIR)/Pods-Encrypted Ink-checkManifestLockResult.txt",
			);
			runOnlyForDeploymentPostprocessing = 0;
			shellPath = /bin/sh;
			shellScript = "diff \"${PODS_PODFILE_DIR_PATH}/Podfile.lock\" \"${PODS_ROOT}/Manifest.lock\" > /dev/null\nif [ $? != 0 ] ; then\n    # print error to STDERR\n    echo \"error: The sandbox is not in sync with the Podfile.lock. Run 'pod install' or update your CocoaPods installation.\" >&2\n    exit 1\nfi\n# This output is used by Xcode 'outputs' to avoid re-running this script phase.\necho \"SUCCESS\" > \"${SCRIPT_OUTPUT_FILE_0}\"\n";
			showEnvVarsInLog = 0;
		};
/* End PBXShellScriptBuildPhase section */

/* Begin PBXSourcesBuildPhase section */
		2C1995382674C4B900A8E370 /* Sources */ = {
			isa = PBXSourcesBuildPhase;
			buildActionMask = 2147483647;
			files = (
				0DB729152674E2DB0011F7A1 /* EIP712Error.swift in Sources */,
				2C8A09C6267513FC00993638 /* Agent.swift in Sources */,
				2C8A09D42675184700993638 /* Window.swift in Sources */,
				0DC750BE2675FEED00A2963C /* Errors.swift in Sources */,
				0DB7291A2674E2DB0011F7A1 /* EIP712Type.swift in Sources */,
				0DB7291D2674E2DB0011F7A1 /* EIP712Hashable.swift in Sources */,
				0DB729162674E2DB0011F7A1 /* EIP712SimpleValue.swift in Sources */,
				0DB729122674E2DB0011F7A1 /* EIP712ParameterEncoder.swift in Sources */,
				2C8A09D726751A0C00993638 /* WalletConnect.swift in Sources */,
				2C8A09E326757FC000993638 /* AccountCellView.swift in Sources */,
				0DB729202674E2DB0011F7A1 /* EIP712Domain.swift in Sources */,
				0DB729182674E2DB0011F7A1 /* EIP712Signer.swift in Sources */,
				2C8A09EE2675965F00993638 /* WaitingViewController.swift in Sources */,
				0DB729192674E2DB0011F7A1 /* EIP712TypedData.swift in Sources */,
				2C8A09E82675960D00993638 /* ErrorViewController.swift in Sources */,
				2C1995422674C4B900A8E370 /* ImportViewController.swift in Sources */,
				2C8A09B52675101300993638 /* AccountsService.swift in Sources */,
				2CDAB3722675B3F0009F8B97 /* PinViewController.swift in Sources */,
				2C1995402674C4B900A8E370 /* AppDelegate.swift in Sources */,
				0DB729142674E2DB0011F7A1 /* EIP712Parameter.swift in Sources */,
				0DB7291B2674E2DB0011F7A1 /* EIP712Hash.swift in Sources */,
				0DB729172674E2DB0011F7A1 /* EIP712StructType.swift in Sources */,
				0DB7291F2674E2DB0011F7A1 /* EIP712Representable.swift in Sources */,
				0DB7291E2674E2DB0011F7A1 /* EIP712Signable.swift in Sources */,
				0DB7291C2674E2DB0011F7A1 /* EIP712Value.swift in Sources */,
				2C8A09EB2675964700993638 /* ApproveViewController.swift in Sources */,
				2C1995562674D0F300A8E370 /* Ethereum.swift in Sources */,
				2C8A09DF267579EA00993638 /* AccountsListViewController.swift in Sources */,
			);
			runOnlyForDeploymentPostprocessing = 0;
		};
/* End PBXSourcesBuildPhase section */

/* Begin PBXVariantGroup section */
		2C1995452674C4BA00A8E370 /* Main.storyboard */ = {
			isa = PBXVariantGroup;
			children = (
				2C1995462674C4BA00A8E370 /* Base */,
			);
			name = Main.storyboard;
			sourceTree = "<group>";
		};
/* End PBXVariantGroup section */

/* Begin XCBuildConfiguration section */
		2C19954A2674C4BA00A8E370 /* Debug */ = {
			isa = XCBuildConfiguration;
			buildSettings = {
				ALWAYS_SEARCH_USER_PATHS = NO;
				CLANG_ANALYZER_NONNULL = YES;
				CLANG_ANALYZER_NUMBER_OBJECT_CONVERSION = YES_AGGRESSIVE;
				CLANG_CXX_LANGUAGE_STANDARD = "gnu++14";
				CLANG_CXX_LIBRARY = "libc++";
				CLANG_ENABLE_MODULES = YES;
				CLANG_ENABLE_OBJC_ARC = YES;
				CLANG_ENABLE_OBJC_WEAK = YES;
				CLANG_WARN_BLOCK_CAPTURE_AUTORELEASING = YES;
				CLANG_WARN_BOOL_CONVERSION = YES;
				CLANG_WARN_COMMA = YES;
				CLANG_WARN_CONSTANT_CONVERSION = YES;
				CLANG_WARN_DEPRECATED_OBJC_IMPLEMENTATIONS = YES;
				CLANG_WARN_DIRECT_OBJC_ISA_USAGE = YES_ERROR;
				CLANG_WARN_DOCUMENTATION_COMMENTS = YES;
				CLANG_WARN_EMPTY_BODY = YES;
				CLANG_WARN_ENUM_CONVERSION = YES;
				CLANG_WARN_INFINITE_RECURSION = YES;
				CLANG_WARN_INT_CONVERSION = YES;
				CLANG_WARN_NON_LITERAL_NULL_CONVERSION = YES;
				CLANG_WARN_OBJC_IMPLICIT_RETAIN_SELF = YES;
				CLANG_WARN_OBJC_LITERAL_CONVERSION = YES;
				CLANG_WARN_OBJC_ROOT_CLASS = YES_ERROR;
				CLANG_WARN_QUOTED_INCLUDE_IN_FRAMEWORK_HEADER = YES;
				CLANG_WARN_RANGE_LOOP_ANALYSIS = YES;
				CLANG_WARN_STRICT_PROTOTYPES = YES;
				CLANG_WARN_SUSPICIOUS_MOVE = YES;
				CLANG_WARN_UNGUARDED_AVAILABILITY = YES_AGGRESSIVE;
				CLANG_WARN_UNREACHABLE_CODE = YES;
				CLANG_WARN__DUPLICATE_METHOD_MATCH = YES;
				COPY_PHASE_STRIP = NO;
				DEBUG_INFORMATION_FORMAT = dwarf;
				ENABLE_STRICT_OBJC_MSGSEND = YES;
				ENABLE_TESTABILITY = YES;
				GCC_C_LANGUAGE_STANDARD = gnu11;
				GCC_DYNAMIC_NO_PIC = NO;
				GCC_NO_COMMON_BLOCKS = YES;
				GCC_OPTIMIZATION_LEVEL = 0;
				GCC_PREPROCESSOR_DEFINITIONS = (
					"DEBUG=1",
					"$(inherited)",
				);
				GCC_WARN_64_TO_32_BIT_CONVERSION = YES;
				GCC_WARN_ABOUT_RETURN_TYPE = YES_ERROR;
				GCC_WARN_UNDECLARED_SELECTOR = YES;
				GCC_WARN_UNINITIALIZED_AUTOS = YES_AGGRESSIVE;
				GCC_WARN_UNUSED_FUNCTION = YES;
				GCC_WARN_UNUSED_VARIABLE = YES;
				MACOSX_DEPLOYMENT_TARGET = 10.15;
				MTL_ENABLE_DEBUG_INFO = INCLUDE_SOURCE;
				MTL_FAST_MATH = YES;
				ONLY_ACTIVE_ARCH = YES;
				SDKROOT = macosx;
				SWIFT_ACTIVE_COMPILATION_CONDITIONS = DEBUG;
				SWIFT_OPTIMIZATION_LEVEL = "-Onone";
			};
			name = Debug;
		};
		2C19954B2674C4BA00A8E370 /* Release */ = {
			isa = XCBuildConfiguration;
			buildSettings = {
				ALWAYS_SEARCH_USER_PATHS = NO;
				CLANG_ANALYZER_NONNULL = YES;
				CLANG_ANALYZER_NUMBER_OBJECT_CONVERSION = YES_AGGRESSIVE;
				CLANG_CXX_LANGUAGE_STANDARD = "gnu++14";
				CLANG_CXX_LIBRARY = "libc++";
				CLANG_ENABLE_MODULES = YES;
				CLANG_ENABLE_OBJC_ARC = YES;
				CLANG_ENABLE_OBJC_WEAK = YES;
				CLANG_WARN_BLOCK_CAPTURE_AUTORELEASING = YES;
				CLANG_WARN_BOOL_CONVERSION = YES;
				CLANG_WARN_COMMA = YES;
				CLANG_WARN_CONSTANT_CONVERSION = YES;
				CLANG_WARN_DEPRECATED_OBJC_IMPLEMENTATIONS = YES;
				CLANG_WARN_DIRECT_OBJC_ISA_USAGE = YES_ERROR;
				CLANG_WARN_DOCUMENTATION_COMMENTS = YES;
				CLANG_WARN_EMPTY_BODY = YES;
				CLANG_WARN_ENUM_CONVERSION = YES;
				CLANG_WARN_INFINITE_RECURSION = YES;
				CLANG_WARN_INT_CONVERSION = YES;
				CLANG_WARN_NON_LITERAL_NULL_CONVERSION = YES;
				CLANG_WARN_OBJC_IMPLICIT_RETAIN_SELF = YES;
				CLANG_WARN_OBJC_LITERAL_CONVERSION = YES;
				CLANG_WARN_OBJC_ROOT_CLASS = YES_ERROR;
				CLANG_WARN_QUOTED_INCLUDE_IN_FRAMEWORK_HEADER = YES;
				CLANG_WARN_RANGE_LOOP_ANALYSIS = YES;
				CLANG_WARN_STRICT_PROTOTYPES = YES;
				CLANG_WARN_SUSPICIOUS_MOVE = YES;
				CLANG_WARN_UNGUARDED_AVAILABILITY = YES_AGGRESSIVE;
				CLANG_WARN_UNREACHABLE_CODE = YES;
				CLANG_WARN__DUPLICATE_METHOD_MATCH = YES;
				COPY_PHASE_STRIP = NO;
				DEBUG_INFORMATION_FORMAT = "dwarf-with-dsym";
				ENABLE_NS_ASSERTIONS = NO;
				ENABLE_STRICT_OBJC_MSGSEND = YES;
				GCC_C_LANGUAGE_STANDARD = gnu11;
				GCC_NO_COMMON_BLOCKS = YES;
				GCC_WARN_64_TO_32_BIT_CONVERSION = YES;
				GCC_WARN_ABOUT_RETURN_TYPE = YES_ERROR;
				GCC_WARN_UNDECLARED_SELECTOR = YES;
				GCC_WARN_UNINITIALIZED_AUTOS = YES_AGGRESSIVE;
				GCC_WARN_UNUSED_FUNCTION = YES;
				GCC_WARN_UNUSED_VARIABLE = YES;
				MACOSX_DEPLOYMENT_TARGET = 10.15;
				MTL_ENABLE_DEBUG_INFO = NO;
				MTL_FAST_MATH = YES;
				SDKROOT = macosx;
				SWIFT_COMPILATION_MODE = wholemodule;
				SWIFT_OPTIMIZATION_LEVEL = "-O";
			};
			name = Release;
		};
		2C19954D2674C4BA00A8E370 /* Debug */ = {
			isa = XCBuildConfiguration;
			baseConfigurationReference = 133FE10DD9778DE6E9745037 /* Pods-Encrypted Ink.debug.xcconfig */;
			buildSettings = {
				ASSETCATALOG_COMPILER_APPICON_NAME = AppIcon;
				ASSETCATALOG_COMPILER_GLOBAL_ACCENT_COLOR_NAME = AccentColor;
				CODE_SIGN_ENTITLEMENTS = "Encrypted Ink/Encrypted_Ink.entitlements";
				CODE_SIGN_IDENTITY = "Apple Development";
				CODE_SIGN_STYLE = Automatic;
				COMBINE_HIDPI_IMAGES = YES;
				DEVELOPMENT_TEAM = 4Y4A396ZEB;
				ENABLE_HARDENED_RUNTIME = YES;
				INFOPLIST_FILE = "$(SRCROOT)/Encrypted Ink/Info.plist";
				LD_RUNPATH_SEARCH_PATHS = (
					"$(inherited)",
					"@executable_path/../Frameworks",
				);
				MACOSX_DEPLOYMENT_TARGET = 10.15;
				PRODUCT_BUNDLE_IDENTIFIER = "lol.ivan.Encrypted-Ink";
				PRODUCT_NAME = "$(TARGET_NAME)";
				PROVISIONING_PROFILE_SPECIFIER = "";
				SWIFT_VERSION = 5.0;
			};
			name = Debug;
		};
		2C19954E2674C4BA00A8E370 /* Release */ = {
			isa = XCBuildConfiguration;
			baseConfigurationReference = 2179E47ED166F2C33B9718BA /* Pods-Encrypted Ink.release.xcconfig */;
			buildSettings = {
				ASSETCATALOG_COMPILER_APPICON_NAME = AppIcon;
				ASSETCATALOG_COMPILER_GLOBAL_ACCENT_COLOR_NAME = AccentColor;
				CODE_SIGN_ENTITLEMENTS = "Encrypted Ink/Encrypted_Ink.entitlements";
				CODE_SIGN_IDENTITY = "Apple Development";
				CODE_SIGN_STYLE = Automatic;
				COMBINE_HIDPI_IMAGES = YES;
				DEVELOPMENT_TEAM = 4Y4A396ZEB;
				ENABLE_HARDENED_RUNTIME = YES;
				INFOPLIST_FILE = "$(SRCROOT)/Encrypted Ink/Info.plist";
				LD_RUNPATH_SEARCH_PATHS = (
					"$(inherited)",
					"@executable_path/../Frameworks",
				);
				MACOSX_DEPLOYMENT_TARGET = 10.15;
				PRODUCT_BUNDLE_IDENTIFIER = "lol.ivan.Encrypted-Ink";
				PRODUCT_NAME = "$(TARGET_NAME)";
				PROVISIONING_PROFILE_SPECIFIER = "";
				SWIFT_VERSION = 5.0;
			};
			name = Release;
		};
/* End XCBuildConfiguration section */

/* Begin XCConfigurationList section */
		2C1995372674C4B900A8E370 /* Build configuration list for PBXProject "Encrypted Ink" */ = {
			isa = XCConfigurationList;
			buildConfigurations = (
				2C19954A2674C4BA00A8E370 /* Debug */,
				2C19954B2674C4BA00A8E370 /* Release */,
			);
			defaultConfigurationIsVisible = 0;
			defaultConfigurationName = Release;
		};
		2C19954C2674C4BA00A8E370 /* Build configuration list for PBXNativeTarget "Encrypted Ink" */ = {
			isa = XCConfigurationList;
			buildConfigurations = (
				2C19954D2674C4BA00A8E370 /* Debug */,
				2C19954E2674C4BA00A8E370 /* Release */,
			);
			defaultConfigurationIsVisible = 0;
			defaultConfigurationName = Release;
		};
/* End XCConfigurationList section */

/* Begin XCRemoteSwiftPackageReference section */
		2C1995592674D54600A8E370 /* XCRemoteSwiftPackageReference "wallet-connect-swift" */ = {
			isa = XCRemoteSwiftPackageReference;
			repositoryURL = "https://github.com/WalletConnect/wallet-connect-swift";
			requirement = {
				branch = master;
				kind = branch;
			};
		};
/* End XCRemoteSwiftPackageReference section */

/* Begin XCSwiftPackageProductDependency section */
		2C19955A2674D54600A8E370 /* WalletConnect */ = {
			isa = XCSwiftPackageProductDependency;
			package = 2C1995592674D54600A8E370 /* XCRemoteSwiftPackageReference "wallet-connect-swift" */;
			productName = WalletConnect;
		};
/* End XCSwiftPackageProductDependency section */
	};
	rootObject = 2C1995342674C4B900A8E370 /* Project object */;
}
