// !$*UTF8*$!
{
	archiveVersion = 1;
	classes = {
	};
	objectVersion = 51;
	objects = {

/* Begin PBXBuildFile section */
		0D059AD226C2796200EE3023 /* ApprovalSubject.swift in Sources */ = {isa = PBXBuildFile; fileRef = 0D059AD126C2796200EE3023 /* ApprovalSubject.swift */; };
		0D5166F326DBB753001CBB4E /* NSRunningApplication.swift in Sources */ = {isa = PBXBuildFile; fileRef = 0D5166F226DBB753001CBB4E /* NSRunningApplication.swift */; };
		0D856A9C26D2C0840051C603 /* MetamaskImporter.swift in Sources */ = {isa = PBXBuildFile; fileRef = 0D856A9B26D2C0840051C603 /* MetamaskImporter.swift */; };
		0D856AB426D2C46C0051C603 /* SwiftStore.framework in Frameworks */ = {isa = PBXBuildFile; fileRef = 0D856AAC26D2C42C0051C603 /* SwiftStore.framework */; };
		0D856AB526D2C46C0051C603 /* SwiftStore.framework in Embed Frameworks */ = {isa = PBXBuildFile; fileRef = 0D856AAC26D2C42C0051C603 /* SwiftStore.framework */; settings = {ATTRIBUTES = (CodeSignOnCopy, RemoveHeadersOnCopy, ); }; };
		0DC850E726B73A5900809E82 /* AuthenticationReason.swift in Sources */ = {isa = PBXBuildFile; fileRef = 0DC850E626B73A5900809E82 /* AuthenticationReason.swift */; };
		28BDF30EBC80362870C988B6 /* Pods_Encrypted_Ink.framework in Frameworks */ = {isa = PBXBuildFile; fileRef = 3E2A642C960E4952955E6E82 /* Pods_Encrypted_Ink.framework */; };
		2C03D1D2269B407900EF10EA /* NetworkMonitor.swift in Sources */ = {isa = PBXBuildFile; fileRef = 2C03D1D1269B407900EF10EA /* NetworkMonitor.swift */; };
		2C03D1D5269B428C00EF10EA /* Notification.swift in Sources */ = {isa = PBXBuildFile; fileRef = 2C03D1D4269B428C00EF10EA /* Notification.swift */; };
		2C1995402674C4B900A8E370 /* AppDelegate.swift in Sources */ = {isa = PBXBuildFile; fileRef = 2C19953F2674C4B900A8E370 /* AppDelegate.swift */; };
		2C1995422674C4B900A8E370 /* ImportViewController.swift in Sources */ = {isa = PBXBuildFile; fileRef = 2C1995412674C4B900A8E370 /* ImportViewController.swift */; };
		2C1995442674C4BA00A8E370 /* Assets.xcassets in Resources */ = {isa = PBXBuildFile; fileRef = 2C1995432674C4BA00A8E370 /* Assets.xcassets */; };
		2C1995472674C4BA00A8E370 /* Main.storyboard in Resources */ = {isa = PBXBuildFile; fileRef = 2C1995452674C4BA00A8E370 /* Main.storyboard */; };
		2C1995562674D0F300A8E370 /* Ethereum.swift in Sources */ = {isa = PBXBuildFile; fileRef = 2C1995552674D0F300A8E370 /* Ethereum.swift */; };
		2C208A9F26813408005BA500 /* Secrets.swift in Sources */ = {isa = PBXBuildFile; fileRef = 2C208A9E26813408005BA500 /* Secrets.swift */; };
		2C528A16267FA8EB00CA3ADD /* Defaults.swift in Sources */ = {isa = PBXBuildFile; fileRef = 2C528A15267FA8EB00CA3ADD /* Defaults.swift */; };
		2C5FF97226C84F7B00B32ACC /* AppDelegate.swift in Sources */ = {isa = PBXBuildFile; fileRef = 2C5FF97126C84F7B00B32ACC /* AppDelegate.swift */; };
		2C5FF97426C84F7B00B32ACC /* SceneDelegate.swift in Sources */ = {isa = PBXBuildFile; fileRef = 2C5FF97326C84F7B00B32ACC /* SceneDelegate.swift */; };
		2C5FF97626C84F7B00B32ACC /* ViewController.swift in Sources */ = {isa = PBXBuildFile; fileRef = 2C5FF97526C84F7B00B32ACC /* ViewController.swift */; };
		2C5FF97926C84F7B00B32ACC /* Main.storyboard in Resources */ = {isa = PBXBuildFile; fileRef = 2C5FF97726C84F7B00B32ACC /* Main.storyboard */; };
		2C5FF97B26C84F7C00B32ACC /* Assets.xcassets in Resources */ = {isa = PBXBuildFile; fileRef = 2C5FF97A26C84F7C00B32ACC /* Assets.xcassets */; };
		2C5FF97E26C84F7C00B32ACC /* LaunchScreen.storyboard in Resources */ = {isa = PBXBuildFile; fileRef = 2C5FF97C26C84F7C00B32ACC /* LaunchScreen.storyboard */; };
		2C5FF98C26C8567D00B32ACC /* Encrypted_Ink_ScreensaverView.h in Headers */ = {isa = PBXBuildFile; fileRef = 2C5FF98B26C8567D00B32ACC /* Encrypted_Ink_ScreensaverView.h */; };
		2C5FF98E26C8567D00B32ACC /* Encrypted_Ink_ScreensaverView.m in Sources */ = {isa = PBXBuildFile; fileRef = 2C5FF98D26C8567D00B32ACC /* Encrypted_Ink_ScreensaverView.m */; };
		2C603D0226B6E13F00956955 /* String.swift in Sources */ = {isa = PBXBuildFile; fileRef = 2C603D0126B6E13F00956955 /* String.swift */; };
		2C6706A5267A6BFE006AAEF2 /* Bundle.swift in Sources */ = {isa = PBXBuildFile; fileRef = 2C6706A4267A6BFE006AAEF2 /* Bundle.swift */; };
		2C6B964C26B9D92500D2C819 /* NSColor.swift in Sources */ = {isa = PBXBuildFile; fileRef = 2C6B964B26B9D92500D2C819 /* NSColor.swift */; };
		2C6B964F26B9D98C00D2C819 /* Colors.xcassets in Resources */ = {isa = PBXBuildFile; fileRef = 2C6B964E26B9D98C00D2C819 /* Colors.xcassets */; };
		2C78F8282683BDCC00C10670 /* Alert.swift in Sources */ = {isa = PBXBuildFile; fileRef = 2C78F8272683BDCC00C10670 /* Alert.swift */; };
		2C797E7E267BB88800F2CE2D /* WelcomeViewController.swift in Sources */ = {isa = PBXBuildFile; fileRef = 2C797E7D267BB88800F2CE2D /* WelcomeViewController.swift */; };
		2C8A09C6267513FC00993638 /* Agent.swift in Sources */ = {isa = PBXBuildFile; fileRef = 2C8A09C5267513FC00993638 /* Agent.swift */; };
		2C8A09D42675184700993638 /* Window.swift in Sources */ = {isa = PBXBuildFile; fileRef = 2C8A09D32675184700993638 /* Window.swift */; };
		2C8A09D726751A0C00993638 /* WalletConnect.swift in Sources */ = {isa = PBXBuildFile; fileRef = 2C8A09D626751A0C00993638 /* WalletConnect.swift */; };
		2C8A09DF267579EA00993638 /* AccountsListViewController.swift in Sources */ = {isa = PBXBuildFile; fileRef = 2C8A09DE267579EA00993638 /* AccountsListViewController.swift */; };
		2C8A09E326757FC000993638 /* AccountCellView.swift in Sources */ = {isa = PBXBuildFile; fileRef = 2C8A09E226757FC000993638 /* AccountCellView.swift */; };
		2C8A09E82675960D00993638 /* ErrorViewController.swift in Sources */ = {isa = PBXBuildFile; fileRef = 2C8A09E72675960D00993638 /* ErrorViewController.swift */; };
		2C8A09EB2675964700993638 /* ApproveViewController.swift in Sources */ = {isa = PBXBuildFile; fileRef = 2C8A09EA2675964700993638 /* ApproveViewController.swift */; };
		2C8A09EE2675965F00993638 /* WaitingViewController.swift in Sources */ = {isa = PBXBuildFile; fileRef = 2C8A09ED2675965F00993638 /* WaitingViewController.swift */; };
		2C8E47A326A322E8007B8354 /* RightClickTableView.swift in Sources */ = {isa = PBXBuildFile; fileRef = 2C8E47A226A322E8007B8354 /* RightClickTableView.swift */; };
		2C901C472689E6D400D0926A /* ApproveTransactionViewController.swift in Sources */ = {isa = PBXBuildFile; fileRef = 2C901C462689E6D400D0926A /* ApproveTransactionViewController.swift */; };
		2C901C4A2689F01700D0926A /* Strings.swift in Sources */ = {isa = PBXBuildFile; fileRef = 2C901C492689F01700D0926A /* Strings.swift */; };
		2C901C4D268A033100D0926A /* GasService.swift in Sources */ = {isa = PBXBuildFile; fileRef = 2C901C4C268A033100D0926A /* GasService.swift */; };
		2C917429267D2A6E00049075 /* Keychain.swift in Sources */ = {isa = PBXBuildFile; fileRef = 2C917428267D2A6E00049075 /* Keychain.swift */; };
		2C9F0B6526BDC9AF008FA3D6 /* EthereumNetwork.swift in Sources */ = {isa = PBXBuildFile; fileRef = 2C9F0B6426BDC9AF008FA3D6 /* EthereumNetwork.swift */; };
		2C9F0B6826BDCB2E008FA3D6 /* EthereumChain.swift in Sources */ = {isa = PBXBuildFile; fileRef = 2C9F0B6726BDCB2E008FA3D6 /* EthereumChain.swift */; };
		2CAA412526C7CD93009F3535 /* ReviewRequester.swift in Sources */ = {isa = PBXBuildFile; fileRef = 2CAA412426C7CD93009F3535 /* ReviewRequester.swift */; };
		2CC0CDBE2692027E0072922A /* PriceService.swift in Sources */ = {isa = PBXBuildFile; fileRef = 2CC0CDBD2692027E0072922A /* PriceService.swift */; };
		2CC8946F269A2E8C00879245 /* SessionStorage.swift in Sources */ = {isa = PBXBuildFile; fileRef = 2CC8946E269A2E8C00879245 /* SessionStorage.swift */; };
		2CC89471269A334A00879245 /* UserDefaults.swift in Sources */ = {isa = PBXBuildFile; fileRef = 2CC89470269A334A00879245 /* UserDefaults.swift */; };
		2CD0669126B5537B00728C20 /* InkWallet.swift in Sources */ = {isa = PBXBuildFile; fileRef = 2CD0668B26B2142000728C20 /* InkWallet.swift */; };
		2CD0669226B5537B00728C20 /* WalletsManager.swift in Sources */ = {isa = PBXBuildFile; fileRef = 2CD0668926B213E500728C20 /* WalletsManager.swift */; };
		2CD0B3F526A0DAA900488D92 /* NSPasteboard.swift in Sources */ = {isa = PBXBuildFile; fileRef = 2CD0B3F426A0DAA900488D92 /* NSPasteboard.swift */; };
		2CD0B3F726AC619900488D92 /* AddAccountOptionCellView.swift in Sources */ = {isa = PBXBuildFile; fileRef = 2CD0B3F626AC619900488D92 /* AddAccountOptionCellView.swift */; };
		2CDAB3722675B3F0009F8B97 /* PasswordViewController.swift in Sources */ = {isa = PBXBuildFile; fileRef = 2CDAB3712675B3F0009F8B97 /* PasswordViewController.swift */; };
		2CE3D012267F73C00032A62E /* Transaction.swift in Sources */ = {isa = PBXBuildFile; fileRef = 2CE3D011267F73C00032A62E /* Transaction.swift */; };
		2CE3D015267F73E80032A62E /* LegacyAccountWithKey.swift in Sources */ = {isa = PBXBuildFile; fileRef = 2CE3D014267F73E80032A62E /* LegacyAccountWithKey.swift */; };
/* End PBXBuildFile section */

/* Begin PBXContainerItemProxy section */
		0D856AAB26D2C42C0051C603 /* PBXContainerItemProxy */ = {
			isa = PBXContainerItemProxy;
			containerPortal = 0D856AA526D2C42B0051C603 /* SwiftStore.xcodeproj */;
			proxyType = 2;
			remoteGlobalIDString = 2EAADF261AF6F94600783BAD;
			remoteInfo = SwiftStore;
		};
/* End PBXContainerItemProxy section */

/* Begin PBXCopyFilesBuildPhase section */
		0D3EEE5626C9953500EFB880 /* Embed Frameworks */ = {
			isa = PBXCopyFilesBuildPhase;
			buildActionMask = 2147483647;
			dstPath = "";
			dstSubfolderSpec = 10;
			files = (
				0D856AB526D2C46C0051C603 /* SwiftStore.framework in Embed Frameworks */,
			);
			name = "Embed Frameworks";
			runOnlyForDeploymentPostprocessing = 0;
		};
/* End PBXCopyFilesBuildPhase section */

/* Begin PBXFileReference section */
		0D059AD126C2796200EE3023 /* ApprovalSubject.swift */ = {isa = PBXFileReference; lastKnownFileType = sourcecode.swift; path = ApprovalSubject.swift; sourceTree = "<group>"; };
		0D5166F226DBB753001CBB4E /* NSRunningApplication.swift */ = {isa = PBXFileReference; lastKnownFileType = sourcecode.swift; path = NSRunningApplication.swift; sourceTree = "<group>"; };
		0D856A9B26D2C0840051C603 /* MetamaskImporter.swift */ = {isa = PBXFileReference; lastKnownFileType = sourcecode.swift; path = MetamaskImporter.swift; sourceTree = "<group>"; };
		0D856AA526D2C42B0051C603 /* SwiftStore.xcodeproj */ = {isa = PBXFileReference; lastKnownFileType = "wrapper.pb-project"; name = SwiftStore.xcodeproj; path = SwiftStore/SwiftStore.xcodeproj; sourceTree = "<group>"; };
		0DC850E626B73A5900809E82 /* AuthenticationReason.swift */ = {isa = PBXFileReference; lastKnownFileType = sourcecode.swift; path = AuthenticationReason.swift; sourceTree = "<group>"; };
		2C03D1D1269B407900EF10EA /* NetworkMonitor.swift */ = {isa = PBXFileReference; lastKnownFileType = sourcecode.swift; path = NetworkMonitor.swift; sourceTree = "<group>"; };
		2C03D1D4269B428C00EF10EA /* Notification.swift */ = {isa = PBXFileReference; lastKnownFileType = sourcecode.swift; path = Notification.swift; sourceTree = "<group>"; };
		2C19953C2674C4B900A8E370 /* Encrypted Ink.app */ = {isa = PBXFileReference; explicitFileType = wrapper.application; includeInIndex = 0; path = "Encrypted Ink.app"; sourceTree = BUILT_PRODUCTS_DIR; };
		2C19953F2674C4B900A8E370 /* AppDelegate.swift */ = {isa = PBXFileReference; lastKnownFileType = sourcecode.swift; path = AppDelegate.swift; sourceTree = "<group>"; };
		2C1995412674C4B900A8E370 /* ImportViewController.swift */ = {isa = PBXFileReference; lastKnownFileType = sourcecode.swift; path = ImportViewController.swift; sourceTree = "<group>"; };
		2C1995432674C4BA00A8E370 /* Assets.xcassets */ = {isa = PBXFileReference; lastKnownFileType = folder.assetcatalog; path = Assets.xcassets; sourceTree = "<group>"; };
		2C1995462674C4BA00A8E370 /* Base */ = {isa = PBXFileReference; lastKnownFileType = file.storyboard; name = Base; path = Base.lproj/Main.storyboard; sourceTree = "<group>"; };
		2C1995482674C4BA00A8E370 /* Info.plist */ = {isa = PBXFileReference; lastKnownFileType = text.plist.xml; path = Info.plist; sourceTree = "<group>"; };
		2C1995492674C4BA00A8E370 /* Encrypted_Ink.entitlements */ = {isa = PBXFileReference; lastKnownFileType = text.plist.entitlements; path = Encrypted_Ink.entitlements; sourceTree = "<group>"; };
		2C1995552674D0F300A8E370 /* Ethereum.swift */ = {isa = PBXFileReference; lastKnownFileType = sourcecode.swift; path = Ethereum.swift; sourceTree = "<group>"; };
		2C208A9E26813408005BA500 /* Secrets.swift */ = {isa = PBXFileReference; lastKnownFileType = sourcecode.swift; path = Secrets.swift; sourceTree = "<group>"; };
		2C528A15267FA8EB00CA3ADD /* Defaults.swift */ = {isa = PBXFileReference; lastKnownFileType = sourcecode.swift; path = Defaults.swift; sourceTree = "<group>"; };
		2C5FF96F26C84F7B00B32ACC /* Encrypted Ink iOS.app */ = {isa = PBXFileReference; explicitFileType = wrapper.application; includeInIndex = 0; path = "Encrypted Ink iOS.app"; sourceTree = BUILT_PRODUCTS_DIR; };
		2C5FF97126C84F7B00B32ACC /* AppDelegate.swift */ = {isa = PBXFileReference; lastKnownFileType = sourcecode.swift; path = AppDelegate.swift; sourceTree = "<group>"; };
		2C5FF97326C84F7B00B32ACC /* SceneDelegate.swift */ = {isa = PBXFileReference; lastKnownFileType = sourcecode.swift; path = SceneDelegate.swift; sourceTree = "<group>"; };
		2C5FF97526C84F7B00B32ACC /* ViewController.swift */ = {isa = PBXFileReference; lastKnownFileType = sourcecode.swift; path = ViewController.swift; sourceTree = "<group>"; };
		2C5FF97826C84F7B00B32ACC /* Base */ = {isa = PBXFileReference; lastKnownFileType = file.storyboard; name = Base; path = Base.lproj/Main.storyboard; sourceTree = "<group>"; };
		2C5FF97A26C84F7C00B32ACC /* Assets.xcassets */ = {isa = PBXFileReference; lastKnownFileType = folder.assetcatalog; path = Assets.xcassets; sourceTree = "<group>"; };
		2C5FF97D26C84F7C00B32ACC /* Base */ = {isa = PBXFileReference; lastKnownFileType = file.storyboard; name = Base; path = Base.lproj/LaunchScreen.storyboard; sourceTree = "<group>"; };
		2C5FF97F26C84F7C00B32ACC /* Info.plist */ = {isa = PBXFileReference; lastKnownFileType = text.plist.xml; path = Info.plist; sourceTree = "<group>"; };
		2C5FF98926C8567D00B32ACC /* Encrypted Ink Screensaver.saver */ = {isa = PBXFileReference; explicitFileType = wrapper.cfbundle; includeInIndex = 0; path = "Encrypted Ink Screensaver.saver"; sourceTree = BUILT_PRODUCTS_DIR; };
		2C5FF98B26C8567D00B32ACC /* Encrypted_Ink_ScreensaverView.h */ = {isa = PBXFileReference; lastKnownFileType = sourcecode.c.h; path = Encrypted_Ink_ScreensaverView.h; sourceTree = "<group>"; };
		2C5FF98D26C8567D00B32ACC /* Encrypted_Ink_ScreensaverView.m */ = {isa = PBXFileReference; lastKnownFileType = sourcecode.c.objc; path = Encrypted_Ink_ScreensaverView.m; sourceTree = "<group>"; };
		2C5FF98F26C8567D00B32ACC /* Info.plist */ = {isa = PBXFileReference; lastKnownFileType = text.plist.xml; path = Info.plist; sourceTree = "<group>"; };
		2C603D0126B6E13F00956955 /* String.swift */ = {isa = PBXFileReference; lastKnownFileType = sourcecode.swift; path = String.swift; sourceTree = "<group>"; };
		2C6706A4267A6BFE006AAEF2 /* Bundle.swift */ = {isa = PBXFileReference; lastKnownFileType = sourcecode.swift; path = Bundle.swift; sourceTree = "<group>"; };
		2C6B964B26B9D92500D2C819 /* NSColor.swift */ = {isa = PBXFileReference; lastKnownFileType = sourcecode.swift; path = NSColor.swift; sourceTree = "<group>"; };
		2C6B964E26B9D98C00D2C819 /* Colors.xcassets */ = {isa = PBXFileReference; lastKnownFileType = folder.assetcatalog; path = Colors.xcassets; sourceTree = "<group>"; };
		2C78F8272683BDCC00C10670 /* Alert.swift */ = {isa = PBXFileReference; lastKnownFileType = sourcecode.swift; path = Alert.swift; sourceTree = "<group>"; };
		2C797E7D267BB88800F2CE2D /* WelcomeViewController.swift */ = {isa = PBXFileReference; lastKnownFileType = sourcecode.swift; path = WelcomeViewController.swift; sourceTree = "<group>"; };
		2C8A09C5267513FC00993638 /* Agent.swift */ = {isa = PBXFileReference; lastKnownFileType = sourcecode.swift; path = Agent.swift; sourceTree = "<group>"; };
		2C8A09D32675184700993638 /* Window.swift */ = {isa = PBXFileReference; lastKnownFileType = sourcecode.swift; path = Window.swift; sourceTree = "<group>"; };
		2C8A09D626751A0C00993638 /* WalletConnect.swift */ = {isa = PBXFileReference; lastKnownFileType = sourcecode.swift; path = WalletConnect.swift; sourceTree = "<group>"; };
		2C8A09DE267579EA00993638 /* AccountsListViewController.swift */ = {isa = PBXFileReference; lastKnownFileType = sourcecode.swift; path = AccountsListViewController.swift; sourceTree = "<group>"; };
		2C8A09E226757FC000993638 /* AccountCellView.swift */ = {isa = PBXFileReference; lastKnownFileType = sourcecode.swift; path = AccountCellView.swift; sourceTree = "<group>"; };
		2C8A09E72675960D00993638 /* ErrorViewController.swift */ = {isa = PBXFileReference; lastKnownFileType = sourcecode.swift; path = ErrorViewController.swift; sourceTree = "<group>"; };
		2C8A09EA2675964700993638 /* ApproveViewController.swift */ = {isa = PBXFileReference; lastKnownFileType = sourcecode.swift; path = ApproveViewController.swift; sourceTree = "<group>"; };
		2C8A09ED2675965F00993638 /* WaitingViewController.swift */ = {isa = PBXFileReference; lastKnownFileType = sourcecode.swift; path = WaitingViewController.swift; sourceTree = "<group>"; };
		2C8E47A226A322E8007B8354 /* RightClickTableView.swift */ = {isa = PBXFileReference; lastKnownFileType = sourcecode.swift; path = RightClickTableView.swift; sourceTree = "<group>"; };
		2C901C462689E6D400D0926A /* ApproveTransactionViewController.swift */ = {isa = PBXFileReference; lastKnownFileType = sourcecode.swift; path = ApproveTransactionViewController.swift; sourceTree = "<group>"; };
		2C901C492689F01700D0926A /* Strings.swift */ = {isa = PBXFileReference; lastKnownFileType = sourcecode.swift; path = Strings.swift; sourceTree = "<group>"; };
		2C901C4C268A033100D0926A /* GasService.swift */ = {isa = PBXFileReference; lastKnownFileType = sourcecode.swift; path = GasService.swift; sourceTree = "<group>"; };
		2C917428267D2A6E00049075 /* Keychain.swift */ = {isa = PBXFileReference; lastKnownFileType = sourcecode.swift; path = Keychain.swift; sourceTree = "<group>"; };
		2C9F0B6426BDC9AF008FA3D6 /* EthereumNetwork.swift */ = {isa = PBXFileReference; lastKnownFileType = sourcecode.swift; path = EthereumNetwork.swift; sourceTree = "<group>"; };
		2C9F0B6726BDCB2E008FA3D6 /* EthereumChain.swift */ = {isa = PBXFileReference; lastKnownFileType = sourcecode.swift; path = EthereumChain.swift; sourceTree = "<group>"; };
		2CAA412426C7CD93009F3535 /* ReviewRequester.swift */ = {isa = PBXFileReference; lastKnownFileType = sourcecode.swift; path = ReviewRequester.swift; sourceTree = "<group>"; };
		2CC0CDBD2692027E0072922A /* PriceService.swift */ = {isa = PBXFileReference; lastKnownFileType = sourcecode.swift; path = PriceService.swift; sourceTree = "<group>"; };
		2CC8946E269A2E8C00879245 /* SessionStorage.swift */ = {isa = PBXFileReference; lastKnownFileType = sourcecode.swift; path = SessionStorage.swift; sourceTree = "<group>"; };
		2CC89470269A334A00879245 /* UserDefaults.swift */ = {isa = PBXFileReference; lastKnownFileType = sourcecode.swift; path = UserDefaults.swift; sourceTree = "<group>"; };
		2CD0668926B213E500728C20 /* WalletsManager.swift */ = {isa = PBXFileReference; lastKnownFileType = sourcecode.swift; path = WalletsManager.swift; sourceTree = "<group>"; };
		2CD0668B26B2142000728C20 /* InkWallet.swift */ = {isa = PBXFileReference; lastKnownFileType = sourcecode.swift; path = InkWallet.swift; sourceTree = "<group>"; };
		2CD0B3F426A0DAA900488D92 /* NSPasteboard.swift */ = {isa = PBXFileReference; lastKnownFileType = sourcecode.swift; path = NSPasteboard.swift; sourceTree = "<group>"; };
		2CD0B3F626AC619900488D92 /* AddAccountOptionCellView.swift */ = {isa = PBXFileReference; lastKnownFileType = sourcecode.swift; path = AddAccountOptionCellView.swift; sourceTree = "<group>"; };
		2CDAB3712675B3F0009F8B97 /* PasswordViewController.swift */ = {isa = PBXFileReference; lastKnownFileType = sourcecode.swift; path = PasswordViewController.swift; sourceTree = "<group>"; };
		2CE3D011267F73C00032A62E /* Transaction.swift */ = {isa = PBXFileReference; lastKnownFileType = sourcecode.swift; path = Transaction.swift; sourceTree = "<group>"; };
		2CE3D014267F73E80032A62E /* LegacyAccountWithKey.swift */ = {isa = PBXFileReference; lastKnownFileType = sourcecode.swift; path = LegacyAccountWithKey.swift; sourceTree = "<group>"; };
		35AD6E3AC630C8A9B4EC16D9 /* Pods-Encrypted Ink.release.xcconfig */ = {isa = PBXFileReference; includeInIndex = 1; lastKnownFileType = text.xcconfig; name = "Pods-Encrypted Ink.release.xcconfig"; path = "Target Support Files/Pods-Encrypted Ink/Pods-Encrypted Ink.release.xcconfig"; sourceTree = "<group>"; };
		3E2A642C960E4952955E6E82 /* Pods_Encrypted_Ink.framework */ = {isa = PBXFileReference; explicitFileType = wrapper.framework; includeInIndex = 0; path = Pods_Encrypted_Ink.framework; sourceTree = BUILT_PRODUCTS_DIR; };
		A858B0F7D88913EAB1FA50B0 /* Pods-Encrypted Ink.debug.xcconfig */ = {isa = PBXFileReference; includeInIndex = 1; lastKnownFileType = text.xcconfig; name = "Pods-Encrypted Ink.debug.xcconfig"; path = "Target Support Files/Pods-Encrypted Ink/Pods-Encrypted Ink.debug.xcconfig"; sourceTree = "<group>"; };
/* End PBXFileReference section */

/* Begin PBXFrameworksBuildPhase section */
		2C1995392674C4B900A8E370 /* Frameworks */ = {
			isa = PBXFrameworksBuildPhase;
			buildActionMask = 2147483647;
			files = (
				0D856AB426D2C46C0051C603 /* SwiftStore.framework in Frameworks */,
				28BDF30EBC80362870C988B6 /* Pods_Encrypted_Ink.framework in Frameworks */,
			);
			runOnlyForDeploymentPostprocessing = 0;
		};
		2C5FF96C26C84F7B00B32ACC /* Frameworks */ = {
			isa = PBXFrameworksBuildPhase;
			buildActionMask = 2147483647;
			files = (
			);
			runOnlyForDeploymentPostprocessing = 0;
		};
		2C5FF98626C8567D00B32ACC /* Frameworks */ = {
			isa = PBXFrameworksBuildPhase;
			buildActionMask = 2147483647;
			files = (
			);
			runOnlyForDeploymentPostprocessing = 0;
		};
/* End PBXFrameworksBuildPhase section */

/* Begin PBXGroup section */
		0D856AA626D2C42B0051C603 /* Products */ = {
			isa = PBXGroup;
			children = (
				0D856AAC26D2C42C0051C603 /* SwiftStore.framework */,
			);
			name = Products;
			sourceTree = "<group>";
		};
		0DC850E926B73A8200809E82 /* Models */ = {
			isa = PBXGroup;
			children = (
				0DC850E626B73A5900809E82 /* AuthenticationReason.swift */,
				0D059AD126C2796200EE3023 /* ApprovalSubject.swift */,
			);
			path = Models;
			sourceTree = "<group>";
		};
		2C1995332674C4B900A8E370 = {
			isa = PBXGroup;
			children = (
				2C19953E2674C4B900A8E370 /* Encrypted Ink */,
				2C5FF97026C84F7B00B32ACC /* Encrypted Ink iOS */,
				2C5FF98A26C8567D00B32ACC /* Encrypted Ink Screensaver */,
				2C19953D2674C4B900A8E370 /* Products */,
				FB5786212D81829B0FADBD25 /* Pods */,
				8E59B61AC986C705990A0C02 /* Frameworks */,
			);
			sourceTree = "<group>";
		};
		2C19953D2674C4B900A8E370 /* Products */ = {
			isa = PBXGroup;
			children = (
				2C19953C2674C4B900A8E370 /* Encrypted Ink.app */,
				2C5FF96F26C84F7B00B32ACC /* Encrypted Ink iOS.app */,
				2C5FF98926C8567D00B32ACC /* Encrypted Ink Screensaver.saver */,
			);
			name = Products;
			sourceTree = "<group>";
		};
		2C19953E2674C4B900A8E370 /* Encrypted Ink */ = {
			isa = PBXGroup;
			children = (
				2C19953F2674C4B900A8E370 /* AppDelegate.swift */,
				2C8A09C5267513FC00993638 /* Agent.swift */,
				2C8A09D626751A0C00993638 /* WalletConnect.swift */,
				2C528A15267FA8EB00CA3ADD /* Defaults.swift */,
				2C8A09D32675184700993638 /* Window.swift */,
				2C901C492689F01700D0926A /* Strings.swift */,
				0DC850E926B73A8200809E82 /* Models */,
				2CD0668826B213BB00728C20 /* Wallets */,
				2C6706A7267A6C04006AAEF2 /* Extensions */,
				2C8A09C92675142700993638 /* Screens */,
				2C91742B267D2A7900049075 /* Services */,
				2C8A09C2267513A700993638 /* Ethereum */,
				2C8A09E5267595C200993638 /* Views */,
				2C1995432674C4BA00A8E370 /* Assets.xcassets */,
				2C6B964E26B9D98C00D2C819 /* Colors.xcassets */,
				2C1995452674C4BA00A8E370 /* Main.storyboard */,
				2C208AA126813497005BA500 /* Supporting Files */,
			);
			path = "Encrypted Ink";
			sourceTree = "<group>";
		};
		2C208AA126813497005BA500 /* Supporting Files */ = {
			isa = PBXGroup;
			children = (
				2C1995482674C4BA00A8E370 /* Info.plist */,
				2C1995492674C4BA00A8E370 /* Encrypted_Ink.entitlements */,
				2C208A9E26813408005BA500 /* Secrets.swift */,
			);
			path = "Supporting Files";
			sourceTree = "<group>";
		};
		2C5FF97026C84F7B00B32ACC /* Encrypted Ink iOS */ = {
			isa = PBXGroup;
			children = (
				2C5FF97126C84F7B00B32ACC /* AppDelegate.swift */,
				2C5FF97326C84F7B00B32ACC /* SceneDelegate.swift */,
				2C5FF97526C84F7B00B32ACC /* ViewController.swift */,
				2C5FF97726C84F7B00B32ACC /* Main.storyboard */,
				2C5FF97A26C84F7C00B32ACC /* Assets.xcassets */,
				2C5FF97C26C84F7C00B32ACC /* LaunchScreen.storyboard */,
				2C5FF97F26C84F7C00B32ACC /* Info.plist */,
			);
			path = "Encrypted Ink iOS";
			sourceTree = "<group>";
		};
		2C5FF98A26C8567D00B32ACC /* Encrypted Ink Screensaver */ = {
			isa = PBXGroup;
			children = (
				2C5FF98B26C8567D00B32ACC /* Encrypted_Ink_ScreensaverView.h */,
				2C5FF98D26C8567D00B32ACC /* Encrypted_Ink_ScreensaverView.m */,
				2C5FF98F26C8567D00B32ACC /* Info.plist */,
			);
			path = "Encrypted Ink Screensaver";
			sourceTree = "<group>";
		};
		2C6706A7267A6C04006AAEF2 /* Extensions */ = {
			isa = PBXGroup;
			children = (
				2C6706A4267A6BFE006AAEF2 /* Bundle.swift */,
				0D5166F226DBB753001CBB4E /* NSRunningApplication.swift */,
				2C03D1D4269B428C00EF10EA /* Notification.swift */,
				2C603D0126B6E13F00956955 /* String.swift */,
				2C6B964B26B9D92500D2C819 /* NSColor.swift */,
				2CD0B3F426A0DAA900488D92 /* NSPasteboard.swift */,
				2CC89470269A334A00879245 /* UserDefaults.swift */,
			);
			path = Extensions;
			sourceTree = "<group>";
		};
		2C8A09C2267513A700993638 /* Ethereum */ = {
			isa = PBXGroup;
			children = (
				2C1995552674D0F300A8E370 /* Ethereum.swift */,
				2C9F0B6426BDC9AF008FA3D6 /* EthereumNetwork.swift */,
				2C9F0B6726BDCB2E008FA3D6 /* EthereumChain.swift */,
				2CE3D014267F73E80032A62E /* LegacyAccountWithKey.swift */,
				2CE3D011267F73C00032A62E /* Transaction.swift */,
			);
			path = Ethereum;
			sourceTree = "<group>";
		};
		2C8A09C92675142700993638 /* Screens */ = {
			isa = PBXGroup;
			children = (
				2C1995412674C4B900A8E370 /* ImportViewController.swift */,
				2C797E7D267BB88800F2CE2D /* WelcomeViewController.swift */,
				2CDAB3712675B3F0009F8B97 /* PasswordViewController.swift */,
				2C8A09E72675960D00993638 /* ErrorViewController.swift */,
				2C901C462689E6D400D0926A /* ApproveTransactionViewController.swift */,
				2C8A09EA2675964700993638 /* ApproveViewController.swift */,
				2C8A09ED2675965F00993638 /* WaitingViewController.swift */,
				2C8A09DE267579EA00993638 /* AccountsListViewController.swift */,
			);
			path = Screens;
			sourceTree = "<group>";
		};
		2C8A09E5267595C200993638 /* Views */ = {
			isa = PBXGroup;
			children = (
				2C8A09E226757FC000993638 /* AccountCellView.swift */,
				2CD0B3F626AC619900488D92 /* AddAccountOptionCellView.swift */,
				2C8E47A226A322E8007B8354 /* RightClickTableView.swift */,
				2C78F8272683BDCC00C10670 /* Alert.swift */,
			);
			path = Views;
			sourceTree = "<group>";
		};
		2C91742B267D2A7900049075 /* Services */ = {
			isa = PBXGroup;
			children = (
				2C03D1D1269B407900EF10EA /* NetworkMonitor.swift */,
				0D856A9B26D2C0840051C603 /* MetamaskImporter.swift */,
				2CAA412426C7CD93009F3535 /* ReviewRequester.swift */,
				2C901C4C268A033100D0926A /* GasService.swift */,
				2CC0CDBD2692027E0072922A /* PriceService.swift */,
				2CC8946E269A2E8C00879245 /* SessionStorage.swift */,
				2C917428267D2A6E00049075 /* Keychain.swift */,
			);
			path = Services;
			sourceTree = "<group>";
		};
		2CD0668826B213BB00728C20 /* Wallets */ = {
			isa = PBXGroup;
			children = (
				2CD0668926B213E500728C20 /* WalletsManager.swift */,
				2CD0668B26B2142000728C20 /* InkWallet.swift */,
			);
			path = Wallets;
			sourceTree = "<group>";
		};
		8E59B61AC986C705990A0C02 /* Frameworks */ = {
			isa = PBXGroup;
			children = (
				0D856AA526D2C42B0051C603 /* SwiftStore.xcodeproj */,
				3E2A642C960E4952955E6E82 /* Pods_Encrypted_Ink.framework */,
			);
			name = Frameworks;
			sourceTree = "<group>";
		};
		FB5786212D81829B0FADBD25 /* Pods */ = {
			isa = PBXGroup;
			children = (
				A858B0F7D88913EAB1FA50B0 /* Pods-Encrypted Ink.debug.xcconfig */,
				35AD6E3AC630C8A9B4EC16D9 /* Pods-Encrypted Ink.release.xcconfig */,
			);
			path = Pods;
			sourceTree = "<group>";
		};
/* End PBXGroup section */

/* Begin PBXHeadersBuildPhase section */
		2C5FF98426C8567D00B32ACC /* Headers */ = {
			isa = PBXHeadersBuildPhase;
			buildActionMask = 2147483647;
			files = (
				2C5FF98C26C8567D00B32ACC /* Encrypted_Ink_ScreensaverView.h in Headers */,
			);
			runOnlyForDeploymentPostprocessing = 0;
		};
/* End PBXHeadersBuildPhase section */

/* Begin PBXNativeTarget section */
		2C19953B2674C4B900A8E370 /* Encrypted Ink */ = {
			isa = PBXNativeTarget;
			buildConfigurationList = 2C19954C2674C4BA00A8E370 /* Build configuration list for PBXNativeTarget "Encrypted Ink" */;
			buildPhases = (
				3626CB05002789B293903501 /* [CP] Check Pods Manifest.lock */,
				2C1995382674C4B900A8E370 /* Sources */,
				2C1995392674C4B900A8E370 /* Frameworks */,
				2C19953A2674C4B900A8E370 /* Resources */,
				2C1995512674C6A100A8E370 /* ShellScript */,
				DA399964E8F6C2CF5532D1CE /* [CP] Embed Pods Frameworks */,
				0D3EEE5626C9953500EFB880 /* Embed Frameworks */,
			);
			buildRules = (
			);
			dependencies = (
			);
			name = "Encrypted Ink";
			productName = "Ecrypted Ink";
			productReference = 2C19953C2674C4B900A8E370 /* Encrypted Ink.app */;
			productType = "com.apple.product-type.application";
		};
		2C5FF96E26C84F7B00B32ACC /* Encrypted Ink iOS */ = {
			isa = PBXNativeTarget;
			buildConfigurationList = 2C5FF98026C84F7C00B32ACC /* Build configuration list for PBXNativeTarget "Encrypted Ink iOS" */;
			buildPhases = (
				2C5FF96B26C84F7B00B32ACC /* Sources */,
				2C5FF96C26C84F7B00B32ACC /* Frameworks */,
				2C5FF96D26C84F7B00B32ACC /* Resources */,
			);
			buildRules = (
			);
			dependencies = (
			);
			name = "Encrypted Ink iOS";
			productName = "Encrypted Ink iOS";
			productReference = 2C5FF96F26C84F7B00B32ACC /* Encrypted Ink iOS.app */;
			productType = "com.apple.product-type.application";
		};
		2C5FF98826C8567D00B32ACC /* Encrypted Ink Screensaver */ = {
			isa = PBXNativeTarget;
			buildConfigurationList = 2C5FF99026C8567D00B32ACC /* Build configuration list for PBXNativeTarget "Encrypted Ink Screensaver" */;
			buildPhases = (
				2C5FF98426C8567D00B32ACC /* Headers */,
				2C5FF98526C8567D00B32ACC /* Sources */,
				2C5FF98626C8567D00B32ACC /* Frameworks */,
				2C5FF98726C8567D00B32ACC /* Resources */,
			);
			buildRules = (
			);
			dependencies = (
			);
			name = "Encrypted Ink Screensaver";
			productName = "Encrypted Ink Screensaver";
			productReference = 2C5FF98926C8567D00B32ACC /* Encrypted Ink Screensaver.saver */;
			productType = "com.apple.product-type.bundle";
		};
/* End PBXNativeTarget section */

/* Begin PBXProject section */
		2C1995342674C4B900A8E370 /* Project object */ = {
			isa = PBXProject;
			attributes = {
				LastSwiftUpdateCheck = 1250;
				LastUpgradeCheck = 1240;
				TargetAttributes = {
					2C19953B2674C4B900A8E370 = {
						CreatedOnToolsVersion = 12.4;
					};
					2C5FF96E26C84F7B00B32ACC = {
						CreatedOnToolsVersion = 12.5.1;
					};
					2C5FF98826C8567D00B32ACC = {
						CreatedOnToolsVersion = 12.5.1;
					};
				};
			};
			buildConfigurationList = 2C1995372674C4B900A8E370 /* Build configuration list for PBXProject "Encrypted Ink" */;
			compatibilityVersion = "Xcode 9.3";
			developmentRegion = en;
			hasScannedForEncodings = 0;
			knownRegions = (
				en,
				Base,
			);
			mainGroup = 2C1995332674C4B900A8E370;
			productRefGroup = 2C19953D2674C4B900A8E370 /* Products */;
			projectDirPath = "";
			projectReferences = (
				{
					ProductGroup = 0D856AA626D2C42B0051C603 /* Products */;
					ProjectRef = 0D856AA526D2C42B0051C603 /* SwiftStore.xcodeproj */;
				},
			);
			projectRoot = "";
			targets = (
				2C19953B2674C4B900A8E370 /* Encrypted Ink */,
				2C5FF96E26C84F7B00B32ACC /* Encrypted Ink iOS */,
				2C5FF98826C8567D00B32ACC /* Encrypted Ink Screensaver */,
			);
		};
/* End PBXProject section */

/* Begin PBXReferenceProxy section */
		0D856AAC26D2C42C0051C603 /* SwiftStore.framework */ = {
			isa = PBXReferenceProxy;
			fileType = wrapper.framework;
			path = SwiftStore.framework;
			remoteRef = 0D856AAB26D2C42C0051C603 /* PBXContainerItemProxy */;
			sourceTree = BUILT_PRODUCTS_DIR;
		};
/* End PBXReferenceProxy section */

/* Begin PBXResourcesBuildPhase section */
		2C19953A2674C4B900A8E370 /* Resources */ = {
			isa = PBXResourcesBuildPhase;
			buildActionMask = 2147483647;
			files = (
				2C6B964F26B9D98C00D2C819 /* Colors.xcassets in Resources */,
				2C1995442674C4BA00A8E370 /* Assets.xcassets in Resources */,
				2C1995472674C4BA00A8E370 /* Main.storyboard in Resources */,
			);
			runOnlyForDeploymentPostprocessing = 0;
		};
		2C5FF96D26C84F7B00B32ACC /* Resources */ = {
			isa = PBXResourcesBuildPhase;
			buildActionMask = 2147483647;
			files = (
				2C5FF97E26C84F7C00B32ACC /* LaunchScreen.storyboard in Resources */,
				2C5FF97B26C84F7C00B32ACC /* Assets.xcassets in Resources */,
				2C5FF97926C84F7B00B32ACC /* Main.storyboard in Resources */,
			);
			runOnlyForDeploymentPostprocessing = 0;
		};
		2C5FF98726C8567D00B32ACC /* Resources */ = {
			isa = PBXResourcesBuildPhase;
			buildActionMask = 2147483647;
			files = (
			);
			runOnlyForDeploymentPostprocessing = 0;
		};
/* End PBXResourcesBuildPhase section */

/* Begin PBXShellScriptBuildPhase section */
		2C1995512674C6A100A8E370 /* ShellScript */ = {
			isa = PBXShellScriptBuildPhase;
			buildActionMask = 2147483647;
			files = (
			);
			inputFileListPaths = (
			);
			inputPaths = (
			);
			outputFileListPaths = (
			);
			outputPaths = (
			);
			runOnlyForDeploymentPostprocessing = 0;
			shellPath = /bin/sh;
			shellScript = "if which swiftlint >/dev/null; then\n  swiftlint\nelse\n  echo \"warning: SwiftLint not installed, download from https://github.com/realm/SwiftLint\"\nfi\n";
		};
		3626CB05002789B293903501 /* [CP] Check Pods Manifest.lock */ = {
			isa = PBXShellScriptBuildPhase;
			buildActionMask = 2147483647;
			files = (
			);
			inputFileListPaths = (
			);
			inputPaths = (
				"${PODS_PODFILE_DIR_PATH}/Podfile.lock",
				"${PODS_ROOT}/Manifest.lock",
			);
			name = "[CP] Check Pods Manifest.lock";
			outputFileListPaths = (
			);
			outputPaths = (
				"$(DERIVED_FILE_DIR)/Pods-Encrypted Ink-checkManifestLockResult.txt",
			);
			runOnlyForDeploymentPostprocessing = 0;
			shellPath = /bin/sh;
			shellScript = "diff \"${PODS_PODFILE_DIR_PATH}/Podfile.lock\" \"${PODS_ROOT}/Manifest.lock\" > /dev/null\nif [ $? != 0 ] ; then\n    # print error to STDERR\n    echo \"error: The sandbox is not in sync with the Podfile.lock. Run 'pod install' or update your CocoaPods installation.\" >&2\n    exit 1\nfi\n# This output is used by Xcode 'outputs' to avoid re-running this script phase.\necho \"SUCCESS\" > \"${SCRIPT_OUTPUT_FILE_0}\"\n";
			showEnvVarsInLog = 0;
		};
		DA399964E8F6C2CF5532D1CE /* [CP] Embed Pods Frameworks */ = {
			isa = PBXShellScriptBuildPhase;
			buildActionMask = 2147483647;
			files = (
			);
			inputFileListPaths = (
				"${PODS_ROOT}/Target Support Files/Pods-Encrypted Ink/Pods-Encrypted Ink-frameworks-${CONFIGURATION}-input-files.xcfilelist",
			);
			name = "[CP] Embed Pods Frameworks";
			outputFileListPaths = (
				"${PODS_ROOT}/Target Support Files/Pods-Encrypted Ink/Pods-Encrypted Ink-frameworks-${CONFIGURATION}-output-files.xcfilelist",
			);
			runOnlyForDeploymentPostprocessing = 0;
			shellPath = /bin/sh;
			shellScript = "\"${PODS_ROOT}/Target Support Files/Pods-Encrypted Ink/Pods-Encrypted Ink-frameworks.sh\"\n";
			showEnvVarsInLog = 0;
		};
/* End PBXShellScriptBuildPhase section */

/* Begin PBXSourcesBuildPhase section */
		2C1995382674C4B900A8E370 /* Sources */ = {
			isa = PBXSourcesBuildPhase;
			buildActionMask = 2147483647;
			files = (
				2C901C4A2689F01700D0926A /* Strings.swift in Sources */,
				2C6706A5267A6BFE006AAEF2 /* Bundle.swift in Sources */,
				2CC0CDBE2692027E0072922A /* PriceService.swift in Sources */,
				2C8A09C6267513FC00993638 /* Agent.swift in Sources */,
				2C8A09D42675184700993638 /* Window.swift in Sources */,
				2C9F0B6526BDC9AF008FA3D6 /* EthereumNetwork.swift in Sources */,
				2C208A9F26813408005BA500 /* Secrets.swift in Sources */,
				2CC8946F269A2E8C00879245 /* SessionStorage.swift in Sources */,
				0DC850E726B73A5900809E82 /* AuthenticationReason.swift in Sources */,
				2CAA412526C7CD93009F3535 /* ReviewRequester.swift in Sources */,
				2CD0669126B5537B00728C20 /* InkWallet.swift in Sources */,
				2C8A09D726751A0C00993638 /* WalletConnect.swift in Sources */,
				2C9F0B6826BDCB2E008FA3D6 /* EthereumChain.swift in Sources */,
				2C03D1D2269B407900EF10EA /* NetworkMonitor.swift in Sources */,
				2C8A09E326757FC000993638 /* AccountCellView.swift in Sources */,
				2C6B964C26B9D92500D2C819 /* NSColor.swift in Sources */,
				2C603D0226B6E13F00956955 /* String.swift in Sources */,
				2CC89471269A334A00879245 /* UserDefaults.swift in Sources */,
				2C78F8282683BDCC00C10670 /* Alert.swift in Sources */,
				2C8A09EE2675965F00993638 /* WaitingViewController.swift in Sources */,
				2C797E7E267BB88800F2CE2D /* WelcomeViewController.swift in Sources */,
				2CD0669226B5537B00728C20 /* WalletsManager.swift in Sources */,
				2CD0B3F726AC619900488D92 /* AddAccountOptionCellView.swift in Sources */,
				2C8A09E82675960D00993638 /* ErrorViewController.swift in Sources */,
				0D059AD226C2796200EE3023 /* ApprovalSubject.swift in Sources */,
				2C1995422674C4B900A8E370 /* ImportViewController.swift in Sources */,
				0D856A9C26D2C0840051C603 /* MetamaskImporter.swift in Sources */,
				2C8E47A326A322E8007B8354 /* RightClickTableView.swift in Sources */,
				2C901C472689E6D400D0926A /* ApproveTransactionViewController.swift in Sources */,
				2CDAB3722675B3F0009F8B97 /* PasswordViewController.swift in Sources */,
				2C1995402674C4B900A8E370 /* AppDelegate.swift in Sources */,
				2C901C4D268A033100D0926A /* GasService.swift in Sources */,
				2C528A16267FA8EB00CA3ADD /* Defaults.swift in Sources */,
				2CD0B3F526A0DAA900488D92 /* NSPasteboard.swift in Sources */,
				2CE3D015267F73E80032A62E /* LegacyAccountWithKey.swift in Sources */,
				2CE3D012267F73C00032A62E /* Transaction.swift in Sources */,
				2C8A09EB2675964700993638 /* ApproveViewController.swift in Sources */,
				2C03D1D5269B428C00EF10EA /* Notification.swift in Sources */,
				2C1995562674D0F300A8E370 /* Ethereum.swift in Sources */,
				2C8A09DF267579EA00993638 /* AccountsListViewController.swift in Sources */,
				0D5166F326DBB753001CBB4E /* NSRunningApplication.swift in Sources */,
				2C917429267D2A6E00049075 /* Keychain.swift in Sources */,
			);
			runOnlyForDeploymentPostprocessing = 0;
		};
		2C5FF96B26C84F7B00B32ACC /* Sources */ = {
			isa = PBXSourcesBuildPhase;
			buildActionMask = 2147483647;
			files = (
				2C5FF97626C84F7B00B32ACC /* ViewController.swift in Sources */,
				2C5FF97226C84F7B00B32ACC /* AppDelegate.swift in Sources */,
				2C5FF97426C84F7B00B32ACC /* SceneDelegate.swift in Sources */,
			);
			runOnlyForDeploymentPostprocessing = 0;
		};
		2C5FF98526C8567D00B32ACC /* Sources */ = {
			isa = PBXSourcesBuildPhase;
			buildActionMask = 2147483647;
			files = (
				2C5FF98E26C8567D00B32ACC /* Encrypted_Ink_ScreensaverView.m in Sources */,
			);
			runOnlyForDeploymentPostprocessing = 0;
		};
/* End PBXSourcesBuildPhase section */

/* Begin PBXVariantGroup section */
		2C1995452674C4BA00A8E370 /* Main.storyboard */ = {
			isa = PBXVariantGroup;
			children = (
				2C1995462674C4BA00A8E370 /* Base */,
			);
			name = Main.storyboard;
			sourceTree = "<group>";
		};
		2C5FF97726C84F7B00B32ACC /* Main.storyboard */ = {
			isa = PBXVariantGroup;
			children = (
				2C5FF97826C84F7B00B32ACC /* Base */,
			);
			name = Main.storyboard;
			sourceTree = "<group>";
		};
		2C5FF97C26C84F7C00B32ACC /* LaunchScreen.storyboard */ = {
			isa = PBXVariantGroup;
			children = (
				2C5FF97D26C84F7C00B32ACC /* Base */,
			);
			name = LaunchScreen.storyboard;
			sourceTree = "<group>";
		};
/* End PBXVariantGroup section */

/* Begin XCBuildConfiguration section */
		2C19954A2674C4BA00A8E370 /* Debug */ = {
			isa = XCBuildConfiguration;
			buildSettings = {
				ALWAYS_SEARCH_USER_PATHS = NO;
				CLANG_ANALYZER_NONNULL = YES;
				CLANG_ANALYZER_NUMBER_OBJECT_CONVERSION = YES_AGGRESSIVE;
				CLANG_CXX_LANGUAGE_STANDARD = "gnu++14";
				CLANG_CXX_LIBRARY = "libc++";
				CLANG_ENABLE_MODULES = YES;
				CLANG_ENABLE_OBJC_ARC = YES;
				CLANG_ENABLE_OBJC_WEAK = YES;
				CLANG_WARN_BLOCK_CAPTURE_AUTORELEASING = YES;
				CLANG_WARN_BOOL_CONVERSION = YES;
				CLANG_WARN_COMMA = YES;
				CLANG_WARN_CONSTANT_CONVERSION = YES;
				CLANG_WARN_DEPRECATED_OBJC_IMPLEMENTATIONS = YES;
				CLANG_WARN_DIRECT_OBJC_ISA_USAGE = YES_ERROR;
				CLANG_WARN_DOCUMENTATION_COMMENTS = YES;
				CLANG_WARN_EMPTY_BODY = YES;
				CLANG_WARN_ENUM_CONVERSION = YES;
				CLANG_WARN_INFINITE_RECURSION = YES;
				CLANG_WARN_INT_CONVERSION = YES;
				CLANG_WARN_NON_LITERAL_NULL_CONVERSION = YES;
				CLANG_WARN_OBJC_IMPLICIT_RETAIN_SELF = YES;
				CLANG_WARN_OBJC_LITERAL_CONVERSION = YES;
				CLANG_WARN_OBJC_ROOT_CLASS = YES_ERROR;
				CLANG_WARN_QUOTED_INCLUDE_IN_FRAMEWORK_HEADER = YES;
				CLANG_WARN_RANGE_LOOP_ANALYSIS = YES;
				CLANG_WARN_STRICT_PROTOTYPES = YES;
				CLANG_WARN_SUSPICIOUS_MOVE = YES;
				CLANG_WARN_UNGUARDED_AVAILABILITY = YES_AGGRESSIVE;
				CLANG_WARN_UNREACHABLE_CODE = YES;
				CLANG_WARN__DUPLICATE_METHOD_MATCH = YES;
				COPY_PHASE_STRIP = NO;
				DEBUG_INFORMATION_FORMAT = dwarf;
				ENABLE_STRICT_OBJC_MSGSEND = YES;
				ENABLE_TESTABILITY = YES;
				GCC_C_LANGUAGE_STANDARD = gnu11;
				GCC_DYNAMIC_NO_PIC = NO;
				GCC_NO_COMMON_BLOCKS = YES;
				GCC_OPTIMIZATION_LEVEL = 0;
				GCC_PREPROCESSOR_DEFINITIONS = (
					"DEBUG=1",
					"$(inherited)",
				);
				GCC_WARN_64_TO_32_BIT_CONVERSION = YES;
				GCC_WARN_ABOUT_RETURN_TYPE = YES_ERROR;
				GCC_WARN_UNDECLARED_SELECTOR = YES;
				GCC_WARN_UNINITIALIZED_AUTOS = YES_AGGRESSIVE;
				GCC_WARN_UNUSED_FUNCTION = YES;
				GCC_WARN_UNUSED_VARIABLE = YES;
				MACOSX_DEPLOYMENT_TARGET = 10.15;
				MTL_ENABLE_DEBUG_INFO = INCLUDE_SOURCE;
				MTL_FAST_MATH = YES;
				ONLY_ACTIVE_ARCH = YES;
				SDKROOT = macosx;
				SWIFT_ACTIVE_COMPILATION_CONDITIONS = DEBUG;
				SWIFT_OPTIMIZATION_LEVEL = "-Onone";
			};
			name = Debug;
		};
		2C19954B2674C4BA00A8E370 /* Release */ = {
			isa = XCBuildConfiguration;
			buildSettings = {
				ALWAYS_SEARCH_USER_PATHS = NO;
				CLANG_ANALYZER_NONNULL = YES;
				CLANG_ANALYZER_NUMBER_OBJECT_CONVERSION = YES_AGGRESSIVE;
				CLANG_CXX_LANGUAGE_STANDARD = "gnu++14";
				CLANG_CXX_LIBRARY = "libc++";
				CLANG_ENABLE_MODULES = YES;
				CLANG_ENABLE_OBJC_ARC = YES;
				CLANG_ENABLE_OBJC_WEAK = YES;
				CLANG_WARN_BLOCK_CAPTURE_AUTORELEASING = YES;
				CLANG_WARN_BOOL_CONVERSION = YES;
				CLANG_WARN_COMMA = YES;
				CLANG_WARN_CONSTANT_CONVERSION = YES;
				CLANG_WARN_DEPRECATED_OBJC_IMPLEMENTATIONS = YES;
				CLANG_WARN_DIRECT_OBJC_ISA_USAGE = YES_ERROR;
				CLANG_WARN_DOCUMENTATION_COMMENTS = YES;
				CLANG_WARN_EMPTY_BODY = YES;
				CLANG_WARN_ENUM_CONVERSION = YES;
				CLANG_WARN_INFINITE_RECURSION = YES;
				CLANG_WARN_INT_CONVERSION = YES;
				CLANG_WARN_NON_LITERAL_NULL_CONVERSION = YES;
				CLANG_WARN_OBJC_IMPLICIT_RETAIN_SELF = YES;
				CLANG_WARN_OBJC_LITERAL_CONVERSION = YES;
				CLANG_WARN_OBJC_ROOT_CLASS = YES_ERROR;
				CLANG_WARN_QUOTED_INCLUDE_IN_FRAMEWORK_HEADER = YES;
				CLANG_WARN_RANGE_LOOP_ANALYSIS = YES;
				CLANG_WARN_STRICT_PROTOTYPES = YES;
				CLANG_WARN_SUSPICIOUS_MOVE = YES;
				CLANG_WARN_UNGUARDED_AVAILABILITY = YES_AGGRESSIVE;
				CLANG_WARN_UNREACHABLE_CODE = YES;
				CLANG_WARN__DUPLICATE_METHOD_MATCH = YES;
				COPY_PHASE_STRIP = NO;
				DEBUG_INFORMATION_FORMAT = "dwarf-with-dsym";
				ENABLE_NS_ASSERTIONS = NO;
				ENABLE_STRICT_OBJC_MSGSEND = YES;
				GCC_C_LANGUAGE_STANDARD = gnu11;
				GCC_NO_COMMON_BLOCKS = YES;
				GCC_WARN_64_TO_32_BIT_CONVERSION = YES;
				GCC_WARN_ABOUT_RETURN_TYPE = YES_ERROR;
				GCC_WARN_UNDECLARED_SELECTOR = YES;
				GCC_WARN_UNINITIALIZED_AUTOS = YES_AGGRESSIVE;
				GCC_WARN_UNUSED_FUNCTION = YES;
				GCC_WARN_UNUSED_VARIABLE = YES;
				MACOSX_DEPLOYMENT_TARGET = 10.15;
				MTL_ENABLE_DEBUG_INFO = NO;
				MTL_FAST_MATH = YES;
				SDKROOT = macosx;
				SWIFT_COMPILATION_MODE = wholemodule;
				SWIFT_OPTIMIZATION_LEVEL = "-O";
			};
			name = Release;
		};
		2C19954D2674C4BA00A8E370 /* Debug */ = {
			isa = XCBuildConfiguration;
			baseConfigurationReference = A858B0F7D88913EAB1FA50B0 /* Pods-Encrypted Ink.debug.xcconfig */;
			buildSettings = {
				ASSETCATALOG_COMPILER_APPICON_NAME = AppIcon;
				ASSETCATALOG_COMPILER_GLOBAL_ACCENT_COLOR_NAME = AccentColor;
				CODE_SIGN_ENTITLEMENTS = "Encrypted Ink/Supporting Files/Encrypted_Ink.entitlements";
				CODE_SIGN_IDENTITY = "Apple Development";
				CODE_SIGN_STYLE = Automatic;
				COMBINE_HIDPI_IMAGES = YES;
				CURRENT_PROJECT_VERSION = 31;
				DEVELOPMENT_TEAM = XWNXDSM6BU;
				ENABLE_HARDENED_RUNTIME = YES;
				INFOPLIST_FILE = "$(SRCROOT)/Encrypted Ink/Supporting Files/Info.plist";
				LD_RUNPATH_SEARCH_PATHS = (
					"$(inherited)",
					"@executable_path/../Frameworks",
				);
				MACOSX_DEPLOYMENT_TARGET = 10.15;
				MARKETING_VERSION = 1.0.12;
				PRODUCT_BUNDLE_IDENTIFIER = ink.encrypted.macos;
				PRODUCT_NAME = "$(TARGET_NAME)";
				PROVISIONING_PROFILE_SPECIFIER = "";
				SWIFT_VERSION = 5.0;
			};
			name = Debug;
		};
		2C19954E2674C4BA00A8E370 /* Release */ = {
			isa = XCBuildConfiguration;
			baseConfigurationReference = 35AD6E3AC630C8A9B4EC16D9 /* Pods-Encrypted Ink.release.xcconfig */;
			buildSettings = {
				ASSETCATALOG_COMPILER_APPICON_NAME = AppIcon;
				ASSETCATALOG_COMPILER_GLOBAL_ACCENT_COLOR_NAME = AccentColor;
				CODE_SIGN_ENTITLEMENTS = "Encrypted Ink/Supporting Files/Encrypted_Ink.entitlements";
				CODE_SIGN_IDENTITY = "Apple Development";
				CODE_SIGN_STYLE = Automatic;
				COMBINE_HIDPI_IMAGES = YES;
				CURRENT_PROJECT_VERSION = 31;
				DEVELOPMENT_TEAM = XWNXDSM6BU;
				ENABLE_HARDENED_RUNTIME = YES;
				INFOPLIST_FILE = "$(SRCROOT)/Encrypted Ink/Supporting Files/Info.plist";
				LD_RUNPATH_SEARCH_PATHS = (
					"$(inherited)",
					"@executable_path/../Frameworks",
				);
				MACOSX_DEPLOYMENT_TARGET = 10.15;
				MARKETING_VERSION = 1.0.12;
				PRODUCT_BUNDLE_IDENTIFIER = ink.encrypted.macos;
				PRODUCT_NAME = "$(TARGET_NAME)";
				PROVISIONING_PROFILE_SPECIFIER = "";
				SWIFT_VERSION = 5.0;
			};
			name = Release;
		};
		2C5FF98126C84F7C00B32ACC /* Debug */ = {
			isa = XCBuildConfiguration;
			buildSettings = {
				ASSETCATALOG_COMPILER_APPICON_NAME = AppIcon;
				ASSETCATALOG_COMPILER_GLOBAL_ACCENT_COLOR_NAME = AccentColor;
				CODE_SIGN_STYLE = Automatic;
				DEVELOPMENT_TEAM = XWNXDSM6BU;
				INFOPLIST_FILE = "Encrypted Ink iOS/Info.plist";
				IPHONEOS_DEPLOYMENT_TARGET = 13.0;
				LD_RUNPATH_SEARCH_PATHS = (
					"$(inherited)",
					"@executable_path/Frameworks",
				);
				PRODUCT_BUNDLE_IDENTIFIER = "ink.encrypted.ios.Encrypted-Ink-iOS";
				PRODUCT_NAME = "$(TARGET_NAME)";
				SDKROOT = iphoneos;
				SWIFT_VERSION = 5.0;
				TARGETED_DEVICE_FAMILY = "1,2";
			};
			name = Debug;
		};
		2C5FF98226C84F7C00B32ACC /* Release */ = {
			isa = XCBuildConfiguration;
			buildSettings = {
				ASSETCATALOG_COMPILER_APPICON_NAME = AppIcon;
				ASSETCATALOG_COMPILER_GLOBAL_ACCENT_COLOR_NAME = AccentColor;
				CODE_SIGN_STYLE = Automatic;
				DEVELOPMENT_TEAM = XWNXDSM6BU;
				INFOPLIST_FILE = "Encrypted Ink iOS/Info.plist";
				IPHONEOS_DEPLOYMENT_TARGET = 13.0;
				LD_RUNPATH_SEARCH_PATHS = (
					"$(inherited)",
					"@executable_path/Frameworks",
				);
				PRODUCT_BUNDLE_IDENTIFIER = "ink.encrypted.ios.Encrypted-Ink-iOS";
				PRODUCT_NAME = "$(TARGET_NAME)";
				SDKROOT = iphoneos;
				SWIFT_VERSION = 5.0;
				TARGETED_DEVICE_FAMILY = "1,2";
				VALIDATE_PRODUCT = YES;
			};
			name = Release;
		};
		2C5FF99126C8567D00B32ACC /* Debug */ = {
			isa = XCBuildConfiguration;
			buildSettings = {
				CODE_SIGN_STYLE = Automatic;
				COMBINE_HIDPI_IMAGES = YES;
				DEVELOPMENT_TEAM = XWNXDSM6BU;
				INFOPLIST_FILE = "Encrypted Ink Screensaver/Info.plist";
				INSTALL_PATH = "$(HOME)/Library/Screen Savers";
				MACOSX_DEPLOYMENT_TARGET = 10.15;
				PRODUCT_BUNDLE_IDENTIFIER = "ink.encrypted.Encrypted-Ink-Screensaver";
				PRODUCT_NAME = "$(TARGET_NAME)";
				WRAPPER_EXTENSION = saver;
			};
			name = Debug;
		};
		2C5FF99226C8567D00B32ACC /* Release */ = {
			isa = XCBuildConfiguration;
			buildSettings = {
				CODE_SIGN_STYLE = Automatic;
				COMBINE_HIDPI_IMAGES = YES;
				DEVELOPMENT_TEAM = XWNXDSM6BU;
				INFOPLIST_FILE = "Encrypted Ink Screensaver/Info.plist";
				INSTALL_PATH = "$(HOME)/Library/Screen Savers";
				MACOSX_DEPLOYMENT_TARGET = 10.15;
				PRODUCT_BUNDLE_IDENTIFIER = "ink.encrypted.Encrypted-Ink-Screensaver";
				PRODUCT_NAME = "$(TARGET_NAME)";
				WRAPPER_EXTENSION = saver;
			};
			name = Release;
		};
/* End XCBuildConfiguration section */

/* Begin XCConfigurationList section */
		2C1995372674C4B900A8E370 /* Build configuration list for PBXProject "Encrypted Ink" */ = {
			isa = XCConfigurationList;
			buildConfigurations = (
				2C19954A2674C4BA00A8E370 /* Debug */,
				2C19954B2674C4BA00A8E370 /* Release */,
			);
			defaultConfigurationIsVisible = 0;
			defaultConfigurationName = Release;
		};
		2C19954C2674C4BA00A8E370 /* Build configuration list for PBXNativeTarget "Encrypted Ink" */ = {
			isa = XCConfigurationList;
			buildConfigurations = (
				2C19954D2674C4BA00A8E370 /* Debug */,
				2C19954E2674C4BA00A8E370 /* Release */,
			);
			defaultConfigurationIsVisible = 0;
			defaultConfigurationName = Release;
		};
		2C5FF98026C84F7C00B32ACC /* Build configuration list for PBXNativeTarget "Encrypted Ink iOS" */ = {
			isa = XCConfigurationList;
			buildConfigurations = (
				2C5FF98126C84F7C00B32ACC /* Debug */,
				2C5FF98226C84F7C00B32ACC /* Release */,
			);
			defaultConfigurationIsVisible = 0;
			defaultConfigurationName = Release;
		};
		2C5FF99026C8567D00B32ACC /* Build configuration list for PBXNativeTarget "Encrypted Ink Screensaver" */ = {
			isa = XCConfigurationList;
			buildConfigurations = (
				2C5FF99126C8567D00B32ACC /* Debug */,
				2C5FF99226C8567D00B32ACC /* Release */,
			);
			defaultConfigurationIsVisible = 0;
			defaultConfigurationName = Release;
		};
/* End XCConfigurationList section */
	};
	rootObject = 2C1995342674C4B900A8E370 /* Project object */;
}
